// !$*UTF8*$!
{
	archiveVersion = 1;
	classes = {
	};
	objectVersion = 77;
	objects = {

/* Begin PBXBuildFile section */
		0C59311F8E54EDC1AD82DE2A /* LocalDeviceIdentity.swift in Sources */ = {isa = PBXBuildFile; fileRef = C81238E1EC57CFBB2B333A7A /* LocalDeviceIdentity.swift */; };
		299255BB4FA97D30B09AE774 /* AppModel.swift in Sources */ = {isa = PBXBuildFile; fileRef = 22C33A945CFEA9105871D033 /* AppModel.swift */; };
		2A4D048B3AE35BA823611D63 /* APIError.swift in Sources */ = {isa = PBXBuildFile; fileRef = 9D76E826883729659D5B0DF4 /* APIError.swift */; };
		32DD1CD4D3EDDE9B08297EEF /* APIClient.swift in Sources */ = {isa = PBXBuildFile; fileRef = BD786FA5598DD8B41A0444FE /* APIClient.swift */; };
		6ED0BC0781B8D0D40D666E4B /* TrixCoreFFI.xcframework in Frameworks */ = {isa = PBXBuildFile; fileRef = AF953E0FF2B7D830771DC6DA /* TrixCoreFFI.xcframework */; };
		6FEC0B6CA6C8DD295B34506C /* TrixCorePersistentBridge.swift in Sources */ = {isa = PBXBuildFile; fileRef = E53DB9EB4BE8475A31F2189A /* TrixCorePersistentBridge.swift */; };
		7DA8A99622CCCA79A97EE7BF /* CreateAccountView.swift in Sources */ = {isa = PBXBuildFile; fileRef = FB561F04E1C44D1888D73336 /* CreateAccountView.swift */; };
		8010E114AB48C5DB7FC15A51 /* MessagingLabView.swift in Sources */ = {isa = PBXBuildFile; fileRef = F16E8D46A5E1F90D5FA589FB /* MessagingLabView.swift */; };
		908402838C3C292D717884F8 /* LaunchScreen.storyboard in Resources */ = {isa = PBXBuildFile; fileRef = 3776D66EB844AFF0402EFA82 /* LaunchScreen.storyboard */; };
		9A12FED66BED4B7F021152E5 /* RealtimeWebSocketClient.swift in Sources */ = {isa = PBXBuildFile; fileRef = 9E0262CCF48A32A9EBE5341D /* RealtimeWebSocketClient.swift */; };
		9B277FA389EBFDE5478C996D /* ConsumerChatDetailView.swift in Sources */ = {isa = PBXBuildFile; fileRef = CD242B589907CC8D81728515 /* ConsumerChatDetailView.swift */; };
		9B911226C1B996C30814B35F /* DashboardView.swift in Sources */ = {isa = PBXBuildFile; fileRef = 658A7042AB73BF905B248D96 /* DashboardView.swift */; };
		9FFE059EB1320E146D1865E3 /* TrixCoreServerBridge.swift in Sources */ = {isa = PBXBuildFile; fileRef = 6FF7213EA531F2A99EC523D4 /* TrixCoreServerBridge.swift */; };
		A3F584F628831CED1241968D /* SystemModels.swift in Sources */ = {isa = PBXBuildFile; fileRef = 7B39C56B87A0D7373CCAF305 /* SystemModels.swift */; };
		A98F44A4D5CD8F14237D279A /* ChatDetailView.swift in Sources */ = {isa = PBXBuildFile; fileRef = 9E6C5B8826FF255BAF650A38 /* ChatDetailView.swift */; };
		B44143903FCFD7AC94B12123 /* PendingApprovalView.swift in Sources */ = {isa = PBXBuildFile; fileRef = C76457452D572429031461CC /* PendingApprovalView.swift */; };
		BA618D8F998D732D83C222E6 /* trix_core.swift in Sources */ = {isa = PBXBuildFile; fileRef = 48115076F282C6F00F84200E /* trix_core.swift */; };
		BD87D15AEFAF56495250E94C /* TrixiOSApp.swift in Sources */ = {isa = PBXBuildFile; fileRef = 9E99B20CD4D5A31B630CCE43 /* TrixiOSApp.swift */; };
		D5B3D522018E2EDCC239D6B3 /* KeychainStore.swift in Sources */ = {isa = PBXBuildFile; fileRef = 229E4FE51C86DFFFFBEDA5BF /* KeychainStore.swift */; };
		D7A634A74EF8AFA641149594 /* TrixCoreMessageBridge.swift in Sources */ = {isa = PBXBuildFile; fileRef = 39DC437F679BF827B2ECC4D1 /* TrixCoreMessageBridge.swift */; };
		D8728BF5E7629A0B84E4CAB4 /* RootView.swift in Sources */ = {isa = PBXBuildFile; fileRef = 6B9EE7D8E7C908B372176F97 /* RootView.swift */; };
		DB5806C60BE9AACB7A23AEE9 /* SystemStatusView.swift in Sources */ = {isa = PBXBuildFile; fileRef = 2746CAF75EE97A4BDBA763BB /* SystemStatusView.swift */; };
		E4F971691AB2F86D7BACBBB2 /* ServerConfiguration.swift in Sources */ = {isa = PBXBuildFile; fileRef = 3E8E57CCC8925A9519C5EB59 /* ServerConfiguration.swift */; };
/* End PBXBuildFile section */

/* Begin PBXFileReference section */
		0BE73C1B13A52D7BFF9426BC /* Info.plist */ = {isa = PBXFileReference; lastKnownFileType = text.plist; path = Info.plist; sourceTree = "<group>"; };
		184D72DBD37F99C0A5067184 /* .gitkeep */ = {isa = PBXFileReference; path = .gitkeep; sourceTree = "<group>"; };
		229E4FE51C86DFFFFBEDA5BF /* KeychainStore.swift */ = {isa = PBXFileReference; lastKnownFileType = sourcecode.swift; path = KeychainStore.swift; sourceTree = "<group>"; };
		22C33A945CFEA9105871D033 /* AppModel.swift */ = {isa = PBXFileReference; lastKnownFileType = sourcecode.swift; path = AppModel.swift; sourceTree = "<group>"; };
		2746CAF75EE97A4BDBA763BB /* SystemStatusView.swift */ = {isa = PBXFileReference; lastKnownFileType = sourcecode.swift; path = SystemStatusView.swift; sourceTree = "<group>"; };
		3776D66EB844AFF0402EFA82 /* LaunchScreen.storyboard */ = {isa = PBXFileReference; lastKnownFileType = file.storyboard; path = LaunchScreen.storyboard; sourceTree = "<group>"; };
		39DC437F679BF827B2ECC4D1 /* TrixCoreMessageBridge.swift */ = {isa = PBXFileReference; lastKnownFileType = sourcecode.swift; path = TrixCoreMessageBridge.swift; sourceTree = "<group>"; };
		3E8E57CCC8925A9519C5EB59 /* ServerConfiguration.swift */ = {isa = PBXFileReference; lastKnownFileType = sourcecode.swift; path = ServerConfiguration.swift; sourceTree = "<group>"; };
		48115076F282C6F00F84200E /* trix_core.swift */ = {isa = PBXFileReference; lastKnownFileType = sourcecode.swift; path = trix_core.swift; sourceTree = "<group>"; };
		4947F3F335746A3BEADF9960 /* TrixiOS.app */ = {isa = PBXFileReference; includeInIndex = 0; lastKnownFileType = wrapper.application; path = TrixiOS.app; sourceTree = BUILT_PRODUCTS_DIR; };
		658A7042AB73BF905B248D96 /* DashboardView.swift */ = {isa = PBXFileReference; lastKnownFileType = sourcecode.swift; path = DashboardView.swift; sourceTree = "<group>"; };
		6B9EE7D8E7C908B372176F97 /* RootView.swift */ = {isa = PBXFileReference; lastKnownFileType = sourcecode.swift; path = RootView.swift; sourceTree = "<group>"; };
		6FF7213EA531F2A99EC523D4 /* TrixCoreServerBridge.swift */ = {isa = PBXFileReference; lastKnownFileType = sourcecode.swift; path = TrixCoreServerBridge.swift; sourceTree = "<group>"; };
		7B39C56B87A0D7373CCAF305 /* SystemModels.swift */ = {isa = PBXFileReference; lastKnownFileType = sourcecode.swift; path = SystemModels.swift; sourceTree = "<group>"; };
		93AB452AEAC561406820AB33 /* module.modulemap */ = {isa = PBXFileReference; lastKnownFileType = "sourcecode.module-map"; path = module.modulemap; sourceTree = "<group>"; };
		9D76E826883729659D5B0DF4 /* APIError.swift */ = {isa = PBXFileReference; lastKnownFileType = sourcecode.swift; path = APIError.swift; sourceTree = "<group>"; };
		9E0262CCF48A32A9EBE5341D /* RealtimeWebSocketClient.swift */ = {isa = PBXFileReference; lastKnownFileType = sourcecode.swift; path = RealtimeWebSocketClient.swift; sourceTree = "<group>"; };
		9E6C5B8826FF255BAF650A38 /* ChatDetailView.swift */ = {isa = PBXFileReference; lastKnownFileType = sourcecode.swift; path = ChatDetailView.swift; sourceTree = "<group>"; };
		9E99B20CD4D5A31B630CCE43 /* TrixiOSApp.swift */ = {isa = PBXFileReference; lastKnownFileType = sourcecode.swift; path = TrixiOSApp.swift; sourceTree = "<group>"; };
		A96D86962664B4EFF403EA16 /* trix_coreFFI.h */ = {isa = PBXFileReference; lastKnownFileType = sourcecode.c.h; path = trix_coreFFI.h; sourceTree = "<group>"; };
		AF953E0FF2B7D830771DC6DA /* TrixCoreFFI.xcframework */ = {isa = PBXFileReference; lastKnownFileType = wrapper.xcframework; name = TrixCoreFFI.xcframework; path = Vendor/TrixCoreFFI.xcframework; sourceTree = "<group>"; };
		BD786FA5598DD8B41A0444FE /* APIClient.swift */ = {isa = PBXFileReference; lastKnownFileType = sourcecode.swift; path = APIClient.swift; sourceTree = "<group>"; };
		C76457452D572429031461CC /* PendingApprovalView.swift */ = {isa = PBXFileReference; lastKnownFileType = sourcecode.swift; path = PendingApprovalView.swift; sourceTree = "<group>"; };
		C81238E1EC57CFBB2B333A7A /* LocalDeviceIdentity.swift */ = {isa = PBXFileReference; lastKnownFileType = sourcecode.swift; path = LocalDeviceIdentity.swift; sourceTree = "<group>"; };
		CBCD0355F29849AC8FC65507 /* .gitkeep */ = {isa = PBXFileReference; path = .gitkeep; sourceTree = "<group>"; };
		CD242B589907CC8D81728515 /* ConsumerChatDetailView.swift */ = {isa = PBXFileReference; lastKnownFileType = sourcecode.swift; path = ConsumerChatDetailView.swift; sourceTree = "<group>"; };
		D382E0082C361DD751AE4867 /* trix_coreFFI.modulemap */ = {isa = PBXFileReference; lastKnownFileType = "sourcecode.module-map"; path = trix_coreFFI.modulemap; sourceTree = "<group>"; };
		E53DB9EB4BE8475A31F2189A /* TrixCorePersistentBridge.swift */ = {isa = PBXFileReference; lastKnownFileType = sourcecode.swift; path = TrixCorePersistentBridge.swift; sourceTree = "<group>"; };
		F16E8D46A5E1F90D5FA589FB /* MessagingLabView.swift */ = {isa = PBXFileReference; lastKnownFileType = sourcecode.swift; path = MessagingLabView.swift; sourceTree = "<group>"; };
		FB561F04E1C44D1888D73336 /* CreateAccountView.swift */ = {isa = PBXFileReference; lastKnownFileType = sourcecode.swift; path = CreateAccountView.swift; sourceTree = "<group>"; };
/* End PBXFileReference section */

/* Begin PBXFrameworksBuildPhase section */
		47F172B22F4348BDB8B8185D /* Frameworks */ = {
			isa = PBXFrameworksBuildPhase;
			buildActionMask = 2147483647;
			files = (
				6ED0BC0781B8D0D40D666E4B /* TrixCoreFFI.xcframework in Frameworks */,
			);
			runOnlyForDeploymentPostprocessing = 0;
		};
/* End PBXFrameworksBuildPhase section */

/* Begin PBXGroup section */
		1C49F9CBC0D1F6A9418A6BE5 /* Frameworks */ = {
			isa = PBXGroup;
			children = (
				AF953E0FF2B7D830771DC6DA /* TrixCoreFFI.xcframework */,
			);
			name = Frameworks;
			sourceTree = "<group>";
		};
		291D9E665D29513C2BC7CA74 /* Networking */ = {
			isa = PBXGroup;
			children = (
				BD786FA5598DD8B41A0444FE /* APIClient.swift */,
				9D76E826883729659D5B0DF4 /* APIError.swift */,
				9E0262CCF48A32A9EBE5341D /* RealtimeWebSocketClient.swift */,
				7B39C56B87A0D7373CCAF305 /* SystemModels.swift */,
			);
			path = Networking;
			sourceTree = "<group>";
		};
		2CA7D68080A784175AE79AEF /* App */ = {
			isa = PBXGroup;
			children = (
				22C33A945CFEA9105871D033 /* AppModel.swift */,
				6B9EE7D8E7C908B372176F97 /* RootView.swift */,
				3E8E57CCC8925A9519C5EB59 /* ServerConfiguration.swift */,
				9E99B20CD4D5A31B630CCE43 /* TrixiOSApp.swift */,
			);
			path = App;
			sourceTree = "<group>";
		};
		2D93899E1C1D88CEABAB3352 /* Products */ = {
			isa = PBXGroup;
			children = (
				4947F3F335746A3BEADF9960 /* TrixiOS.app */,
			);
			name = Products;
			sourceTree = "<group>";
		};
		32A0C8F0C29984AE88B0A1C4 /* Features */ = {
			isa = PBXGroup;
			children = (
				3DB5FCF018BB65B506ECF68A /* Chats */,
				450CADF3F30C14BED249E4BF /* Home */,
				7FAE36F7D66932A501039D2A /* Onboarding */,
				33B54359C698D72C65AC3F6E /* SystemStatus */,
			);
			path = Features;
			sourceTree = "<group>";
		};
		33B54359C698D72C65AC3F6E /* SystemStatus */ = {
			isa = PBXGroup;
			children = (
				2746CAF75EE97A4BDBA763BB /* SystemStatusView.swift */,
			);
			path = SystemStatus;
			sourceTree = "<group>";
		};
		3DB5FCF018BB65B506ECF68A /* Chats */ = {
			isa = PBXGroup;
			children = (
				9E6C5B8826FF255BAF650A38 /* ChatDetailView.swift */,
				CD242B589907CC8D81728515 /* ConsumerChatDetailView.swift */,
				F16E8D46A5E1F90D5FA589FB /* MessagingLabView.swift */,
			);
			path = Chats;
			sourceTree = "<group>";
		};
		450CADF3F30C14BED249E4BF /* Home */ = {
			isa = PBXGroup;
			children = (
				658A7042AB73BF905B248D96 /* DashboardView.swift */,
			);
			path = Home;
			sourceTree = "<group>";
		};
		7FAE36F7D66932A501039D2A /* Onboarding */ = {
			isa = PBXGroup;
			children = (
				FB561F04E1C44D1888D73336 /* CreateAccountView.swift */,
				C76457452D572429031461CC /* PendingApprovalView.swift */,
			);
			path = Onboarding;
			sourceTree = "<group>";
		};
		8AC3572456216797EEEB77A2 /* Generated */ = {
			isa = PBXGroup;
			children = (
				93AB452AEAC561406820AB33 /* module.modulemap */,
				48115076F282C6F00F84200E /* trix_core.swift */,
				A96D86962664B4EFF403EA16 /* trix_coreFFI.h */,
				D382E0082C361DD751AE4867 /* trix_coreFFI.modulemap */,
			);
			path = Generated;
			sourceTree = "<group>";
		};
		A2DC788B5278576D5E39C8EC /* TrixiOS */ = {
			isa = PBXGroup;
			children = (
				2CA7D68080A784175AE79AEF /* App */,
				E58A7DEF110BE8B6DAC446CB /* Bridge */,
				32A0C8F0C29984AE88B0A1C4 /* Features */,
				291D9E665D29513C2BC7CA74 /* Networking */,
				B5991635791551AF2374D080 /* Resources */,
				ADEC3DC46A424752ED3EA1A7 /* Security */,
			);
			path = TrixiOS;
			sourceTree = "<group>";
		};
		ADEC3DC46A424752ED3EA1A7 /* Security */ = {
			isa = PBXGroup;
			children = (
				229E4FE51C86DFFFFBEDA5BF /* KeychainStore.swift */,
				C81238E1EC57CFBB2B333A7A /* LocalDeviceIdentity.swift */,
			);
			path = Security;
			sourceTree = "<group>";
		};
		B5991635791551AF2374D080 /* Resources */ = {
			isa = PBXGroup;
			children = (
				184D72DBD37F99C0A5067184 /* .gitkeep */,
				0BE73C1B13A52D7BFF9426BC /* Info.plist */,
				3776D66EB844AFF0402EFA82 /* LaunchScreen.storyboard */,
			);
			path = Resources;
			sourceTree = "<group>";
		};
		DC9BD6BAA66196779C33D251 = {
			isa = PBXGroup;
			children = (
				A2DC788B5278576D5E39C8EC /* TrixiOS */,
				1C49F9CBC0D1F6A9418A6BE5 /* Frameworks */,
				2D93899E1C1D88CEABAB3352 /* Products */,
			);
			sourceTree = "<group>";
		};
		E58A7DEF110BE8B6DAC446CB /* Bridge */ = {
			isa = PBXGroup;
			children = (
				CBCD0355F29849AC8FC65507 /* .gitkeep */,
				39DC437F679BF827B2ECC4D1 /* TrixCoreMessageBridge.swift */,
				E53DB9EB4BE8475A31F2189A /* TrixCorePersistentBridge.swift */,
				6FF7213EA531F2A99EC523D4 /* TrixCoreServerBridge.swift */,
				8AC3572456216797EEEB77A2 /* Generated */,
			);
			path = Bridge;
			sourceTree = "<group>";
		};
/* End PBXGroup section */

/* Begin PBXNativeTarget section */
		35A2EFCE0CF914C97292DC9D /* TrixiOS */ = {
			isa = PBXNativeTarget;
			buildConfigurationList = 30FCD116EF8786C50C1E5B59 /* Build configuration list for PBXNativeTarget "TrixiOS" */;
			buildPhases = (
				B310ED466CDDDF295B8C766A /* Sources */,
				40F4BEBCFD16BD22B90AD4EA /* Resources */,
				47F172B22F4348BDB8B8185D /* Frameworks */,
			);
			buildRules = (
			);
			dependencies = (
			);
			name = TrixiOS;
			packageProductDependencies = (
			);
			productName = TrixiOS;
			productReference = 4947F3F335746A3BEADF9960 /* TrixiOS.app */;
			productType = "com.apple.product-type.application";
		};
/* End PBXNativeTarget section */

/* Begin PBXProject section */
		710B5D3A4FE448A8DD206320 /* Project object */ = {
			isa = PBXProject;
			attributes = {
				BuildIndependentTargetsInParallel = YES;
				LastUpgradeCheck = 1430;
				TargetAttributes = {
					35A2EFCE0CF914C97292DC9D = {
						DevelopmentTeam = HGY33KYKQ2;
						ProvisioningStyle = Automatic;
					};
				};
			};
			buildConfigurationList = C36A33124F81471993DC06E2 /* Build configuration list for PBXProject "TrixiOS" */;
			compatibilityVersion = "Xcode 14.0";
			developmentRegion = en;
			hasScannedForEncodings = 0;
			knownRegions = (
				Base,
				en,
			);
			mainGroup = DC9BD6BAA66196779C33D251;
			minimizedProjectReferenceProxies = 1;
			preferredProjectObjectVersion = 77;
			projectDirPath = "";
			projectRoot = "";
			targets = (
				35A2EFCE0CF914C97292DC9D /* TrixiOS */,
			);
		};
/* End PBXProject section */

/* Begin PBXResourcesBuildPhase section */
		40F4BEBCFD16BD22B90AD4EA /* Resources */ = {
			isa = PBXResourcesBuildPhase;
			buildActionMask = 2147483647;
			files = (
				908402838C3C292D717884F8 /* LaunchScreen.storyboard in Resources */,
			);
			runOnlyForDeploymentPostprocessing = 0;
		};
/* End PBXResourcesBuildPhase section */

/* Begin PBXSourcesBuildPhase section */
		B310ED466CDDDF295B8C766A /* Sources */ = {
			isa = PBXSourcesBuildPhase;
			buildActionMask = 2147483647;
			files = (
				32DD1CD4D3EDDE9B08297EEF /* APIClient.swift in Sources */,
				2A4D048B3AE35BA823611D63 /* APIError.swift in Sources */,
				299255BB4FA97D30B09AE774 /* AppModel.swift in Sources */,
				A98F44A4D5CD8F14237D279A /* ChatDetailView.swift in Sources */,
				9B277FA389EBFDE5478C996D /* ConsumerChatDetailView.swift in Sources */,
				7DA8A99622CCCA79A97EE7BF /* CreateAccountView.swift in Sources */,
				9B911226C1B996C30814B35F /* DashboardView.swift in Sources */,
				D5B3D522018E2EDCC239D6B3 /* KeychainStore.swift in Sources */,
				0C59311F8E54EDC1AD82DE2A /* LocalDeviceIdentity.swift in Sources */,
				8010E114AB48C5DB7FC15A51 /* MessagingLabView.swift in Sources */,
				B44143903FCFD7AC94B12123 /* PendingApprovalView.swift in Sources */,
				9A12FED66BED4B7F021152E5 /* RealtimeWebSocketClient.swift in Sources */,
				D8728BF5E7629A0B84E4CAB4 /* RootView.swift in Sources */,
				E4F971691AB2F86D7BACBBB2 /* ServerConfiguration.swift in Sources */,
				A3F584F628831CED1241968D /* SystemModels.swift in Sources */,
				DB5806C60BE9AACB7A23AEE9 /* SystemStatusView.swift in Sources */,
				D7A634A74EF8AFA641149594 /* TrixCoreMessageBridge.swift in Sources */,
				6FEC0B6CA6C8DD295B34506C /* TrixCorePersistentBridge.swift in Sources */,
				9FFE059EB1320E146D1865E3 /* TrixCoreServerBridge.swift in Sources */,
				BD87D15AEFAF56495250E94C /* TrixiOSApp.swift in Sources */,
				BA618D8F998D732D83C222E6 /* trix_core.swift in Sources */,
			);
			runOnlyForDeploymentPostprocessing = 0;
		};
/* End PBXSourcesBuildPhase section */

/* Begin XCBuildConfiguration section */
		2918216D717EA7F9865E15CC /* Release */ = {
			isa = XCBuildConfiguration;
			buildSettings = {
				ASSETCATALOG_COMPILER_APPICON_NAME = AppIcon;
				CODE_SIGN_IDENTITY = "iPhone Developer";
				CODE_SIGN_STYLE = Automatic;
				DEVELOPMENT_ASSET_PATHS = "\"TrixiOS/Resources\"";
				DEVELOPMENT_TEAM = HGY33KYKQ2;
				FRAMEWORK_SEARCH_PATHS = (
					"$(inherited)",
					"\"Vendor\"",
				);
				GENERATE_INFOPLIST_FILE = NO;
				INFOPLIST_FILE = TrixiOS/Resources/Info.plist;
				IPHONEOS_DEPLOYMENT_TARGET = 17.0;
				LD_RUNPATH_SEARCH_PATHS = (
					"$(inherited)",
					"@executable_path/Frameworks",
				);
				PRODUCT_BUNDLE_IDENTIFIER = com.softgrid.trixapp;
				PRODUCT_NAME = Trix;
				SDKROOT = iphoneos;
				TARGETED_DEVICE_FAMILY = "1,2";
			};
			name = Release;
		};
		4B6A2BD51A284593470D6E05 /* Debug */ = {
			isa = XCBuildConfiguration;
			buildSettings = {
				ALWAYS_SEARCH_USER_PATHS = NO;
				CLANG_ANALYZER_NONNULL = YES;
				CLANG_ANALYZER_NUMBER_OBJECT_CONVERSION = YES_AGGRESSIVE;
				CLANG_CXX_LANGUAGE_STANDARD = "gnu++14";
				CLANG_CXX_LIBRARY = "libc++";
				CLANG_ENABLE_MODULES = YES;
				CLANG_ENABLE_OBJC_ARC = YES;
				CLANG_ENABLE_OBJC_WEAK = YES;
				CLANG_WARN_BLOCK_CAPTURE_AUTORELEASING = YES;
				CLANG_WARN_BOOL_CONVERSION = YES;
				CLANG_WARN_COMMA = YES;
				CLANG_WARN_CONSTANT_CONVERSION = YES;
				CLANG_WARN_DEPRECATED_OBJC_IMPLEMENTATIONS = YES;
				CLANG_WARN_DIRECT_OBJC_ISA_USAGE = YES_ERROR;
				CLANG_WARN_DOCUMENTATION_COMMENTS = YES;
				CLANG_WARN_EMPTY_BODY = YES;
				CLANG_WARN_ENUM_CONVERSION = YES;
				CLANG_WARN_INFINITE_RECURSION = YES;
				CLANG_WARN_INT_CONVERSION = YES;
				CLANG_WARN_NON_LITERAL_NULL_CONVERSION = YES;
				CLANG_WARN_OBJC_IMPLICIT_RETAIN_SELF = YES;
				CLANG_WARN_OBJC_LITERAL_CONVERSION = YES;
				CLANG_WARN_OBJC_ROOT_CLASS = YES_ERROR;
				CLANG_WARN_QUOTED_INCLUDE_IN_FRAMEWORK_HEADER = YES;
				CLANG_WARN_RANGE_LOOP_ANALYSIS = YES;
				CLANG_WARN_STRICT_PROTOTYPES = YES;
				CLANG_WARN_SUSPICIOUS_MOVE = YES;
				CLANG_WARN_UNGUARDED_AVAILABILITY = YES_AGGRESSIVE;
				CLANG_WARN_UNREACHABLE_CODE = YES;
				CLANG_WARN__DUPLICATE_METHOD_MATCH = YES;
				COPY_PHASE_STRIP = NO;
				CURRENT_PROJECT_VERSION = 1;
				DEBUG_INFORMATION_FORMAT = dwarf;
				ENABLE_STRICT_OBJC_MSGSEND = YES;
				ENABLE_TESTABILITY = YES;
				GCC_C_LANGUAGE_STANDARD = gnu11;
				GCC_DYNAMIC_NO_PIC = NO;
				GCC_NO_COMMON_BLOCKS = YES;
				GCC_OPTIMIZATION_LEVEL = 0;
				GCC_PREPROCESSOR_DEFINITIONS = (
					"$(inherited)",
					"DEBUG=1",
				);
				GCC_WARN_64_TO_32_BIT_CONVERSION = YES;
				GCC_WARN_ABOUT_RETURN_TYPE = YES_ERROR;
				GCC_WARN_UNDECLARED_SELECTOR = YES;
				GCC_WARN_UNINITIALIZED_AUTOS = YES_AGGRESSIVE;
				GCC_WARN_UNUSED_FUNCTION = YES;
				GCC_WARN_UNUSED_VARIABLE = YES;
				IPHONEOS_DEPLOYMENT_TARGET = 17.0;
				MARKETING_VERSION = 0.1.0;
				MTL_ENABLE_DEBUG_INFO = INCLUDE_SOURCE;
				MTL_FAST_MATH = YES;
				ONLY_ACTIVE_ARCH = YES;
				PRODUCT_NAME = "$(TARGET_NAME)";
				SDKROOT = iphoneos;
				SWIFT_ACTIVE_COMPILATION_CONDITIONS = DEBUG;
				SWIFT_OPTIMIZATION_LEVEL = "-Onone";
				SWIFT_VERSION = 6.0;
			};
			name = Debug;
		};
		6919C96BD4BE4DB9674019ED /* Debug */ = {
			isa = XCBuildConfiguration;
			buildSettings = {
				ASSETCATALOG_COMPILER_APPICON_NAME = AppIcon;
				CODE_SIGN_IDENTITY = "iPhone Developer";
				CODE_SIGN_STYLE = Automatic;
				DEVELOPMENT_ASSET_PATHS = "\"TrixiOS/Resources\"";
				DEVELOPMENT_TEAM = HGY33KYKQ2;
				FRAMEWORK_SEARCH_PATHS = (
					"$(inherited)",
					"\"Vendor\"",
				);
				GENERATE_INFOPLIST_FILE = NO;
				INFOPLIST_FILE = TrixiOS/Resources/Info.plist;
				IPHONEOS_DEPLOYMENT_TARGET = 17.0;
				LD_RUNPATH_SEARCH_PATHS = (
					"$(inherited)",
					"@executable_path/Frameworks",
				);
				PRODUCT_BUNDLE_IDENTIFIER = com.softgrid.trixapp;
				PRODUCT_NAME = Trix;
				SDKROOT = iphoneos;
				TARGETED_DEVICE_FAMILY = "1,2";
			};
			name = Debug;
		};
		E4E4EB19D56C60D6D617152F /* Release */ = {
			isa = XCBuildConfiguration;
			buildSettings = {
				ALWAYS_SEARCH_USER_PATHS = NO;
				CLANG_ANALYZER_NONNULL = YES;
				CLANG_ANALYZER_NUMBER_OBJECT_CONVERSION = YES_AGGRESSIVE;
				CLANG_CXX_LANGUAGE_STANDARD = "gnu++14";
				CLANG_CXX_LIBRARY = "libc++";
				CLANG_ENABLE_MODULES = YES;
				CLANG_ENABLE_OBJC_ARC = YES;
				CLANG_ENABLE_OBJC_WEAK = YES;
				CLANG_WARN_BLOCK_CAPTURE_AUTORELEASING = YES;
				CLANG_WARN_BOOL_CONVERSION = YES;
				CLANG_WARN_COMMA = YES;
				CLANG_WARN_CONSTANT_CONVERSION = YES;
				CLANG_WARN_DEPRECATED_OBJC_IMPLEMENTATIONS = YES;
				CLANG_WARN_DIRECT_OBJC_ISA_USAGE = YES_ERROR;
				CLANG_WARN_DOCUMENTATION_COMMENTS = YES;
				CLANG_WARN_EMPTY_BODY = YES;
				CLANG_WARN_ENUM_CONVERSION = YES;
				CLANG_WARN_INFINITE_RECURSION = YES;
				CLANG_WARN_INT_CONVERSION = YES;
				CLANG_WARN_NON_LITERAL_NULL_CONVERSION = YES;
				CLANG_WARN_OBJC_IMPLICIT_RETAIN_SELF = YES;
				CLANG_WARN_OBJC_LITERAL_CONVERSION = YES;
				CLANG_WARN_OBJC_ROOT_CLASS = YES_ERROR;
				CLANG_WARN_QUOTED_INCLUDE_IN_FRAMEWORK_HEADER = YES;
				CLANG_WARN_RANGE_LOOP_ANALYSIS = YES;
				CLANG_WARN_STRICT_PROTOTYPES = YES;
				CLANG_WARN_SUSPICIOUS_MOVE = YES;
				CLANG_WARN_UNGUARDED_AVAILABILITY = YES_AGGRESSIVE;
				CLANG_WARN_UNREACHABLE_CODE = YES;
				CLANG_WARN__DUPLICATE_METHOD_MATCH = YES;
				COPY_PHASE_STRIP = NO;
				CURRENT_PROJECT_VERSION = 1;
				DEBUG_INFORMATION_FORMAT = "dwarf-with-dsym";
				ENABLE_NS_ASSERTIONS = NO;
				ENABLE_STRICT_OBJC_MSGSEND = YES;
				GCC_C_LANGUAGE_STANDARD = gnu11;
				GCC_NO_COMMON_BLOCKS = YES;
				GCC_WARN_64_TO_32_BIT_CONVERSION = YES;
				GCC_WARN_ABOUT_RETURN_TYPE = YES_ERROR;
				GCC_WARN_UNDECLARED_SELECTOR = YES;
				GCC_WARN_UNINITIALIZED_AUTOS = YES_AGGRESSIVE;
				GCC_WARN_UNUSED_FUNCTION = YES;
				GCC_WARN_UNUSED_VARIABLE = YES;
				IPHONEOS_DEPLOYMENT_TARGET = 17.0;
				MARKETING_VERSION = 0.1.0;
				MTL_ENABLE_DEBUG_INFO = NO;
				MTL_FAST_MATH = YES;
				PRODUCT_NAME = "$(TARGET_NAME)";
				SDKROOT = iphoneos;
				SWIFT_COMPILATION_MODE = wholemodule;
				SWIFT_OPTIMIZATION_LEVEL = "-O";
				SWIFT_VERSION = 6.0;
			};
			name = Release;
		};
/* End XCBuildConfiguration section */

/* Begin XCConfigurationList section */
		30FCD116EF8786C50C1E5B59 /* Build configuration list for PBXNativeTarget "TrixiOS" */ = {
			isa = XCConfigurationList;
			buildConfigurations = (
				6919C96BD4BE4DB9674019ED /* Debug */,
				2918216D717EA7F9865E15CC /* Release */,
			);
			defaultConfigurationIsVisible = 0;
			defaultConfigurationName = Debug;
		};
		C36A33124F81471993DC06E2 /* Build configuration list for PBXProject "TrixiOS" */ = {
			isa = XCConfigurationList;
			buildConfigurations = (
				4B6A2BD51A284593470D6E05 /* Debug */,
				E4E4EB19D56C60D6D617152F /* Release */,
			);
			defaultConfigurationIsVisible = 0;
			defaultConfigurationName = Debug;
		};
/* End XCConfigurationList section */
	};
	rootObject = 710B5D3A4FE448A8DD206320 /* Project object */;
}
