// !$*UTF8*$!
{
	archiveVersion = 1;
	classes = {
	};
	objectVersion = 77;
	objects = {

/* Begin PBXBuildFile section */
		0171CF30C94747FC00C27217 /* TrixForegroundCallRinger.swift in Sources */ = {isa = PBXBuildFile; fileRef = 8EB7838D0C01E007C98F5E01 /* TrixForegroundCallRinger.swift */; };
		018963E0097AF7D5ADFE41C1 /* MartinOMEMO in Frameworks */ = {isa = PBXBuildFile; productRef = E747E1A70FF2F8B54BE3EA20 /* MartinOMEMO */; };
		01DD84A806E5A3D66513361E /* TimelineViewModel.swift in Sources */ = {isa = PBXBuildFile; fileRef = EEB0655E233DAB56B8623281 /* TimelineViewModel.swift */; };
		077FB19BBBC2DE5F19B935E5 /* TrixProfileSettingsView.swift in Sources */ = {isa = PBXBuildFile; fileRef = A9CD022B1BE00F3C65E90173 /* TrixProfileSettingsView.swift */; };
		08DA96A0F1D106E83D7C1948 /* TrixCallAudioLevelRegistry.swift in Sources */ = {isa = PBXBuildFile; fileRef = 87107FE8B5A1DB883FA13651 /* TrixCallAudioLevelRegistry.swift */; };
		0B6F99DD6D2C5A49337287EA /* TrixMediaCacheStore.swift in Sources */ = {isa = PBXBuildFile; fileRef = E9C684C0F74E6B343975F161 /* TrixMediaCacheStore.swift */; };
		0CB4C27764111009AF1A4973 /* TrixRoomNotificationProfileStore.swift in Sources */ = {isa = PBXBuildFile; fileRef = EF05C2B3D8E5F36B7F3106F7 /* TrixRoomNotificationProfileStore.swift */; };
		0D25056FBC20F3C2B348AB50 /* TrixLoginView.swift in Sources */ = {isa = PBXBuildFile; fileRef = 1ACD907EF405BB7A2E6AB546 /* TrixLoginView.swift */; };
		0DEB71252D8479D650CCAE84 /* TrixUIPrimitives.swift in Sources */ = {isa = PBXBuildFile; fileRef = EE82DADDEFD49DFCE533A797 /* TrixUIPrimitives.swift */; };
		0F23C155C71D7754956BE775 /* TrixPasteboard.swift in Sources */ = {isa = PBXBuildFile; fileRef = 2B266E20A0FA583A11BEEB89 /* TrixPasteboard.swift */; };
		16A2C3D738A376CE172416C9 /* TrixRoomNotificationPlanner.swift in Sources */ = {isa = PBXBuildFile; fileRef = 48CD85B87B1DA07AD4EAD702 /* TrixRoomNotificationPlanner.swift */; };
		1875889B19461B729CEC4927 /* TrixInviteRegistrationService.swift in Sources */ = {isa = PBXBuildFile; fileRef = 76007C8FD94C5E153E5834F0 /* TrixInviteRegistrationService.swift */; };
		19E413F7C05FB1DE94EC5076 /* TrixStickerImportService.swift in Sources */ = {isa = PBXBuildFile; fileRef = 0A20B3F32A750F95F1336243 /* TrixStickerImportService.swift */; };
		1AACA3ED2E1565E804CDEF34 /* TrixAppModel.swift in Sources */ = {isa = PBXBuildFile; fileRef = 056CC95719A07BAA289FCB0E /* TrixAppModel.swift */; };
		1AF7B6243DD09B709393BA4E /* TrixPasteboard.swift in Sources */ = {isa = PBXBuildFile; fileRef = 2B266E20A0FA583A11BEEB89 /* TrixPasteboard.swift */; };
		1E12B7ACDDD7B5757E0E2DA2 /* TrixMediaCacheSettingsView.swift in Sources */ = {isa = PBXBuildFile; fileRef = 2AD80BF94764F4E9363F716B /* TrixMediaCacheSettingsView.swift */; };
		1E4825714849C6299798B913 /* TrixRoomNotificationPlanner.swift in Sources */ = {isa = PBXBuildFile; fileRef = 48CD85B87B1DA07AD4EAD702 /* TrixRoomNotificationPlanner.swift */; };
		1EE3718AA4AABA1EA0A4BB22 /* TrixCallServices.swift in Sources */ = {isa = PBXBuildFile; fileRef = D11721CE5ADE58480164002B /* TrixCallServices.swift */; };
		23B642ECEC77A35A182C1774 /* XMPPLiveSmokeRunner.swift in Sources */ = {isa = PBXBuildFile; fileRef = 61B76AE4B7FE38684FD69E3F /* XMPPLiveSmokeRunner.swift */; };
		243EF5BA671A98313E711BA0 /* TrixRoomListView.swift in Sources */ = {isa = PBXBuildFile; fileRef = 5A160B4F983AE22D5C8286DA /* TrixRoomListView.swift */; };
		27E7508E6D24B67C4CE27E61 /* TrixMediaCacheStore.swift in Sources */ = {isa = PBXBuildFile; fileRef = E9C684C0F74E6B343975F161 /* TrixMediaCacheStore.swift */; };
		29401990057E982A5A30EEA0 /* TrixUserIdentity.swift in Sources */ = {isa = PBXBuildFile; fileRef = 8DB5C6A74C6B8FBA633AB8E7 /* TrixUserIdentity.swift */; };
		294B5E2CCAE45FF18851E7E9 /* TrixForegroundCallRinger.swift in Sources */ = {isa = PBXBuildFile; fileRef = 8EB7838D0C01E007C98F5E01 /* TrixForegroundCallRinger.swift */; };
		2BE3AB5258AC97A330B5C78B /* TrixTimelineView.swift in Sources */ = {isa = PBXBuildFile; fileRef = ABC8B3AFF8B256AD64163ED3 /* TrixTimelineView.swift */; };
		2C3610063B8F38A9B73F8D6D /* TrixNewRoomView.swift in Sources */ = {isa = PBXBuildFile; fileRef = 4CB7E28D9BE26DFDDF515848 /* TrixNewRoomView.swift */; };
		2C6928BF2BC09651052611D8 /* TrixInviteIssueView.swift in Sources */ = {isa = PBXBuildFile; fileRef = B42A6621D0BCD3B821EE035A /* TrixInviteIssueView.swift */; };
		2C723C199B26FF23B4D4EABB /* LiveKit in Frameworks */ = {isa = PBXBuildFile; productRef = B22FCF2CE382CA108F3819AD /* LiveKit */; };
		2C864C141108F66ABE20BA07 /* RoomListViewModelTests.swift in Sources */ = {isa = PBXBuildFile; fileRef = 1C2D59E85DDAC36B739AA246 /* RoomListViewModelTests.swift */; };
		2E096CB7AF402E547D5F3F6E /* TrixUserDirectorySearchViewModel.swift in Sources */ = {isa = PBXBuildFile; fileRef = 43722B0DE18EF6D1CA3D68AE /* TrixUserDirectorySearchViewModel.swift */; };
		2E8181505E263CC7A7991096 /* TrixRootView.swift in Sources */ = {isa = PBXBuildFile; fileRef = A2B35075275B150F3A4E508B /* TrixRootView.swift */; };
		3265DD845844A8AB2355C9C8 /* TrixFeatureFlags.swift in Sources */ = {isa = PBXBuildFile; fileRef = D21E70CBBF2AB9DB0E631987 /* TrixFeatureFlags.swift */; };
		32F7131F833CF232EBFBE76B /* TrixInlineAttachmentPreview.swift in Sources */ = {isa = PBXBuildFile; fileRef = 337251558054A82A81447617 /* TrixInlineAttachmentPreview.swift */; };
		32F91A6BB53915F3B4029635 /* TrixCallModels.swift in Sources */ = {isa = PBXBuildFile; fileRef = 6A05325B755D712A33CBE32F /* TrixCallModels.swift */; };
		33F1238EFAB601B751155EBF /* TrixInlineAttachmentPreview.swift in Sources */ = {isa = PBXBuildFile; fileRef = 337251558054A82A81447617 /* TrixInlineAttachmentPreview.swift */; };
		34553562AB89EF56C3ECFD76 /* TrixTimelineCacheStore.swift in Sources */ = {isa = PBXBuildFile; fileRef = 5360313E1D5D743FBD43BF62 /* TrixTimelineCacheStore.swift */; };
		35C37A10D87E07180BA6F545 /* TrixiOSAppDelegate.swift in Sources */ = {isa = PBXBuildFile; fileRef = EDAB7547FCC71382F1D4B836 /* TrixiOSAppDelegate.swift */; };
		36C4E9F3E35112A335A25FB4 /* TrixLocalProfileConfiguration.swift in Sources */ = {isa = PBXBuildFile; fileRef = 3EF9EBF55D8AB0D295E1A173 /* TrixLocalProfileConfiguration.swift */; };
		36F68B1757EAECDC591791E4 /* MockTrixServiceGroupLeaveTests.swift in Sources */ = {isa = PBXBuildFile; fileRef = E40B7B73F121759083185AE2 /* MockTrixServiceGroupLeaveTests.swift */; };
		37C8559C91F53BEE0A4AF1C7 /* TrixAPNsCoordinator.swift in Sources */ = {isa = PBXBuildFile; fileRef = F121190716DA6556A98C18CE /* TrixAPNsCoordinator.swift */; };
		39A52996264B32B6004BE4D8 /* TrixCallVideoStageView.swift in Sources */ = {isa = PBXBuildFile; fileRef = BDE01C9A8C8C99AC84A51058 /* TrixCallVideoStageView.swift */; };
		3BF75C861C2BC8B284501873 /* TrixiOSApp.swift in Sources */ = {isa = PBXBuildFile; fileRef = 847B59FABE7AF1544B501953 /* TrixiOSApp.swift */; };
		3C93E347BD051EABF172B37F /* TrixStickerLibraryStore.swift in Sources */ = {isa = PBXBuildFile; fileRef = 55F7D8F50E34422F641CBC70 /* TrixStickerLibraryStore.swift */; };
		3FCE75B11ED2806E64AB920E /* TrixMUCNicknameTests.swift in Sources */ = {isa = PBXBuildFile; fileRef = 8E6EF5F0884005747138F683 /* TrixMUCNicknameTests.swift */; };
		4045AFBF57F71D0CBDA102AE /* DeviceVerificationViewModel.swift in Sources */ = {isa = PBXBuildFile; fileRef = A728389B09D31A93D5D10AF3 /* DeviceVerificationViewModel.swift */; };
		40E18B91AD4DE99B3B3182DC /* TimelineViewModel.swift in Sources */ = {isa = PBXBuildFile; fileRef = EEB0655E233DAB56B8623281 /* TimelineViewModel.swift */; };
		436450064F21706C9F6A75ED /* TrixPasswordChangeView.swift in Sources */ = {isa = PBXBuildFile; fileRef = 47369C50BE6121D347C0CB7C /* TrixPasswordChangeView.swift */; };
		480977EBF4C8E5F36F8E6B5A /* TrixMacApp.swift in Sources */ = {isa = PBXBuildFile; fileRef = 88E0868B3BC38FDA64FD0EFF /* TrixMacApp.swift */; };
		49BE60965D0203A0FBA5C2D6 /* TrixCallSurfaceViews.swift in Sources */ = {isa = PBXBuildFile; fileRef = 3B314F499A3F78053508A2EB /* TrixCallSurfaceViews.swift */; };
		4C45D6C2B54517DB3154AEE9 /* KeychainTrixSessionStore.swift in Sources */ = {isa = PBXBuildFile; fileRef = 982CA9963B78FB1D985AB7DD /* KeychainTrixSessionStore.swift */; };
		4DE37C168E578C5FA7E52A37 /* TrixCallServices.swift in Sources */ = {isa = PBXBuildFile; fileRef = D11721CE5ADE58480164002B /* TrixCallServices.swift */; };
		50709700EAEC4A4FD3F35F7D /* TrixAsyncOperationGate.swift in Sources */ = {isa = PBXBuildFile; fileRef = CC15B39FB4918244CEFD2071 /* TrixAsyncOperationGate.swift */; };
		537309E828290708DF967EEB /* Martin in Frameworks */ = {isa = PBXBuildFile; productRef = A2688357F9AFCAC4CD829C06 /* Martin */; };
		553B4C7A432FECC37A2768F3 /* TrixStickerLibraryStore.swift in Sources */ = {isa = PBXBuildFile; fileRef = 55F7D8F50E34422F641CBC70 /* TrixStickerLibraryStore.swift */; };
		56F75E2A54893DD9EC4B2A49 /* TrixAsyncOperationGate.swift in Sources */ = {isa = PBXBuildFile; fileRef = CC15B39FB4918244CEFD2071 /* TrixAsyncOperationGate.swift */; };
		5946BBF04ED28E97C7154E86 /* TrixUserIdentityTests.swift in Sources */ = {isa = PBXBuildFile; fileRef = 3507E3910A5A61A38330B522 /* TrixUserIdentityTests.swift */; };
		59E30FC7B539EF6E0F1DD295 /* TrixTimelineCacheStore.swift in Sources */ = {isa = PBXBuildFile; fileRef = 5360313E1D5D743FBD43BF62 /* TrixTimelineCacheStore.swift */; };
		5BCD889F6C600AFC151E706F /* MartinOMEMO in Frameworks */ = {isa = PBXBuildFile; productRef = 7BF98DD511834ED334A9B210 /* MartinOMEMO */; };
		5E770BB2E1B1AC1BA338F71B /* TrixCallModels.swift in Sources */ = {isa = PBXBuildFile; fileRef = 6A05325B755D712A33CBE32F /* TrixCallModels.swift */; };
		5E8428C7C3A98FDACAF74130 /* TrixCallAudioLevelRegistry.swift in Sources */ = {isa = PBXBuildFile; fileRef = 87107FE8B5A1DB883FA13651 /* TrixCallAudioLevelRegistry.swift */; };
		606651859245DAAC6EFB6363 /* TrixAdminApp.swift in Sources */ = {isa = PBXBuildFile; fileRef = D8CB581634E119AACB67E300 /* TrixAdminApp.swift */; };
		67CC33870704986A5164F9A2 /* RoomListViewModel.swift in Sources */ = {isa = PBXBuildFile; fileRef = 8CB4DE535EF97BB0D0B809CB /* RoomListViewModel.swift */; };
		6D3ADB1DE9BA846DCE0F6CF1 /* TrixPasswordChangeView.swift in Sources */ = {isa = PBXBuildFile; fileRef = 47369C50BE6121D347C0CB7C /* TrixPasswordChangeView.swift */; };
		6D57E5D1FCB8F27CE604807D /* TimelineViewModelTests.swift in Sources */ = {isa = PBXBuildFile; fileRef = EEDCBB15AE4311F5FE32A774 /* TimelineViewModelTests.swift */; };
		6DB899B364A13A3B8507B857 /* TrixStickerImportService.swift in Sources */ = {isa = PBXBuildFile; fileRef = 0A20B3F32A750F95F1336243 /* TrixStickerImportService.swift */; };
		7096DCAA29A3C7C8E94F8B70 /* TrixCallSurfaceViews.swift in Sources */ = {isa = PBXBuildFile; fileRef = 3B314F499A3F78053508A2EB /* TrixCallSurfaceViews.swift */; };
		71F0476C58E284C111056AF1 /* TrixRoomSearchView.swift in Sources */ = {isa = PBXBuildFile; fileRef = 5A96ED103808B7E771FFC5BA /* TrixRoomSearchView.swift */; };
		7237DC2D59EBADBA1D775E58 /* TrixModels.swift in Sources */ = {isa = PBXBuildFile; fileRef = E9F6EEF889A5560D0EDF1503 /* TrixModels.swift */; };
		795F0AD58A17E90E4D5109B2 /* TrixProfileViewModel.swift in Sources */ = {isa = PBXBuildFile; fileRef = B64629B678C5260EB80FFD28 /* TrixProfileViewModel.swift */; };
		7A4CED4537F4D2C5231A02E7 /* TrixRootView.swift in Sources */ = {isa = PBXBuildFile; fileRef = A2B35075275B150F3A4E508B /* TrixRootView.swift */; };
		7A8871B061CDDC98E74606F9 /* TrixGroupControlPlaneService.swift in Sources */ = {isa = PBXBuildFile; fileRef = 7C66806692BC72BF8057298D /* TrixGroupControlPlaneService.swift */; };
		7D85CCEF802178C7561426E1 /* TrixGroupMembersView.swift in Sources */ = {isa = PBXBuildFile; fileRef = 218F41815711F48C162BEE1D /* TrixGroupMembersView.swift */; };
		7ED782FC48806771BC21375B /* TrixMacAppDelegate.swift in Sources */ = {isa = PBXBuildFile; fileRef = A406E30E28EA61CB8EFF1247 /* TrixMacAppDelegate.swift */; };
		7F7FAB7503B931E6D188545F /* TrixRoomSearchView.swift in Sources */ = {isa = PBXBuildFile; fileRef = 5A96ED103808B7E771FFC5BA /* TrixRoomSearchView.swift */; };
		807543063C7A8EC6639E1D70 /* Martin in Frameworks */ = {isa = PBXBuildFile; productRef = AF0FA74A744B2E98E20D8738 /* Martin */; };
		807A17F604336D66B054C512 /* TrixLimitationsView.swift in Sources */ = {isa = PBXBuildFile; fileRef = 4219A1C95F0801F8E69645E1 /* TrixLimitationsView.swift */; };
		83864857F2C18DB0B27722B2 /* TrixFeatureFlags.swift in Sources */ = {isa = PBXBuildFile; fileRef = D21E70CBBF2AB9DB0E631987 /* TrixFeatureFlags.swift */; };
		86DE06F00D3EEF89A9087A6C /* TrixUserDirectoryPickerView.swift in Sources */ = {isa = PBXBuildFile; fileRef = 0DB3F0532BD6141816D4BA22 /* TrixUserDirectoryPickerView.swift */; };
		86F51D72617511B1F9899F66 /* TrixGroupRoomCacheStore.swift in Sources */ = {isa = PBXBuildFile; fileRef = A6CDAECFDAFCD702E0D47C71 /* TrixGroupRoomCacheStore.swift */; };
		87E5890B64EEAC1CDDD7D6F5 /* TrixLocalProfileConfigurationTests.swift in Sources */ = {isa = PBXBuildFile; fileRef = 8A7BE83B98922A490891F0E7 /* TrixLocalProfileConfigurationTests.swift */; };
		8BB219AB2BDA97EBEBD0A136 /* TrixRoomSummaryCacheStore.swift in Sources */ = {isa = PBXBuildFile; fileRef = 933861A15D006B5E3C9D96A0 /* TrixRoomSummaryCacheStore.swift */; };
		8C6169B957900216C4377471 /* RoomListViewModel.swift in Sources */ = {isa = PBXBuildFile; fileRef = 8CB4DE535EF97BB0D0B809CB /* RoomListViewModel.swift */; };
		8DF16EEFAFED980624B64EC1 /* TrixAdminViews.swift in Sources */ = {isa = PBXBuildFile; fileRef = 0D03FB2B31E006C19FCD28C6 /* TrixAdminViews.swift */; };
		8ED2D90D9E34377C0DE6FCA7 /* TrixAdminAppModel.swift in Sources */ = {isa = PBXBuildFile; fileRef = BCE53F11CF091DC0AB34F5BE /* TrixAdminAppModel.swift */; };
		907B1EA79B4C0EF1F64763FD /* XMPPMartinService.swift in Sources */ = {isa = PBXBuildFile; fileRef = 521137CC0E9C946883248810 /* XMPPMartinService.swift */; };
		921F0FC41786273D87813408 /* TrixUserDirectoryPickerView.swift in Sources */ = {isa = PBXBuildFile; fileRef = 0DB3F0532BD6141816D4BA22 /* TrixUserDirectoryPickerView.swift */; };
		936A4296DD7D9C7CFA5DE5D2 /* TrixRoomSummaryCacheStore.swift in Sources */ = {isa = PBXBuildFile; fileRef = 933861A15D006B5E3C9D96A0 /* TrixRoomSummaryCacheStore.swift */; };
		9557F99D3D1BCF4D6C889025 /* TrixVoIPPushCoordinator.swift in Sources */ = {isa = PBXBuildFile; fileRef = 4D96ADA6140C97A5CD1EA3D9 /* TrixVoIPPushCoordinator.swift */; };
		9573B780604DFE02A180F489 /* TrixInviteRegistrationService.swift in Sources */ = {isa = PBXBuildFile; fileRef = 76007C8FD94C5E153E5834F0 /* TrixInviteRegistrationService.swift */; };
		964BC80E4B99470A6D6A6060 /* TrixServiceProtocols.swift in Sources */ = {isa = PBXBuildFile; fileRef = 626D2464543C7ED82085CD5B /* TrixServiceProtocols.swift */; };
		97272D55D3C64D696C53B965 /* TrixRoomNotificationProfileStore.swift in Sources */ = {isa = PBXBuildFile; fileRef = EF05C2B3D8E5F36B7F3106F7 /* TrixRoomNotificationProfileStore.swift */; };
		97317C8F64DD6473CAC8310B /* TrixGroupControlPlaneService.swift in Sources */ = {isa = PBXBuildFile; fileRef = 7C66806692BC72BF8057298D /* TrixGroupControlPlaneService.swift */; };
		9A4D2A750B168D3918B0D5CE /* KeychainTrixSessionStore.swift in Sources */ = {isa = PBXBuildFile; fileRef = 982CA9963B78FB1D985AB7DD /* KeychainTrixSessionStore.swift */; };
		9BFD15A4B9F06A6A420114FC /* TrixMacRootView.swift in Sources */ = {isa = PBXBuildFile; fileRef = 8D29523C8CB988A1531D1D8E /* TrixMacRootView.swift */; };
		9CF86CCF23BF9B4B7989489F /* TrixOMEMOStore.swift in Sources */ = {isa = PBXBuildFile; fileRef = C3B9CAC73BB4D740C2F79B3D /* TrixOMEMOStore.swift */; };
		9D22B50ED6B047D13287B71A /* MockTrixService.swift in Sources */ = {isa = PBXBuildFile; fileRef = 237D942B565A8A2F8001AAEF /* MockTrixService.swift */; };
		9E68BD9AC8AC6A8939801C42 /* TrixMediaCacheSettingsView.swift in Sources */ = {isa = PBXBuildFile; fileRef = 2AD80BF94764F4E9363F716B /* TrixMediaCacheSettingsView.swift */; };
		9FC1867BEB447217B3C94D40 /* DeviceVerificationTests.swift in Sources */ = {isa = PBXBuildFile; fileRef = 944AC741D1613083D83D085A /* DeviceVerificationTests.swift */; };
		A1DBA354D126E63ED5EB04F6 /* TrixGroupMemberRefreshTests.swift in Sources */ = {isa = PBXBuildFile; fileRef = 08BCE490548975D7FE32CBD6 /* TrixGroupMemberRefreshTests.swift */; };
		A255F6AA8373944E3861E59F /* MockTrixService.swift in Sources */ = {isa = PBXBuildFile; fileRef = 237D942B565A8A2F8001AAEF /* MockTrixService.swift */; };
		A3D50C95ED357D9BA4392032 /* TrixGroupLeaveOperationTests.swift in Sources */ = {isa = PBXBuildFile; fileRef = 4F11C27C439F14606E79D7EA /* TrixGroupLeaveOperationTests.swift */; };
		A693C70D9209B1B0562E0585 /* TrixAsyncOperationGateTests.swift in Sources */ = {isa = PBXBuildFile; fileRef = 8574C00F06FC7D1AECD79E07 /* TrixAsyncOperationGateTests.swift */; };
		A7645E65B233DE4772DC7C04 /* Assets.xcassets in Resources */ = {isa = PBXBuildFile; fileRef = 913784390EE11A5D409BF69B /* Assets.xcassets */; };
		A9CCBF62507C1B789E7B4D12 /* XMPPLiveSmokeRunner.swift in Sources */ = {isa = PBXBuildFile; fileRef = 61B76AE4B7FE38684FD69E3F /* XMPPLiveSmokeRunner.swift */; };
		ABC0CF7E53A612FCE6EC9099 /* TrixMediaCacheTests.swift in Sources */ = {isa = PBXBuildFile; fileRef = 6B6F98B5C2FA3DC9E57182A1 /* TrixMediaCacheTests.swift */; };
		B12D38D695C0CC7E8A1D0889 /* TrixRoomListView.swift in Sources */ = {isa = PBXBuildFile; fileRef = 5A160B4F983AE22D5C8286DA /* TrixRoomListView.swift */; };
		B5C417A232F5ACC6D379926C /* TrixLimitationsView.swift in Sources */ = {isa = PBXBuildFile; fileRef = 4219A1C95F0801F8E69645E1 /* TrixLimitationsView.swift */; };
		B7D23886C79D10FD3ABF70C9 /* TrixFeatureFlags.swift in Sources */ = {isa = PBXBuildFile; fileRef = D21E70CBBF2AB9DB0E631987 /* TrixFeatureFlags.swift */; };
		B810FC6FE7BB3C2EB1FC3499 /* TrixUserDirectorySearchViewModel.swift in Sources */ = {isa = PBXBuildFile; fileRef = 43722B0DE18EF6D1CA3D68AE /* TrixUserDirectorySearchViewModel.swift */; };
		B87D22C877BCEABC1A6BCE4B /* TrixGroupMembersView.swift in Sources */ = {isa = PBXBuildFile; fileRef = 218F41815711F48C162BEE1D /* TrixGroupMembersView.swift */; };
		C047D486EA323DB75611B0BD /* TrixVisualDeviceVerificationView.swift in Sources */ = {isa = PBXBuildFile; fileRef = 2B10D324394A6B45839BBBD3 /* TrixVisualDeviceVerificationView.swift */; };
		C58E76863856379CEB1D3222 /* TrixProfileSettingsView.swift in Sources */ = {isa = PBXBuildFile; fileRef = A9CD022B1BE00F3C65E90173 /* TrixProfileSettingsView.swift */; };
		C5CF66A5F802952DBBF72685 /* TrixClientConfiguration.swift in Sources */ = {isa = PBXBuildFile; fileRef = 67180EC5D24D5F68AF4BF21D /* TrixClientConfiguration.swift */; };
		C71F99EBA41DD58DB4261084 /* TrixAPNsCoordinator.swift in Sources */ = {isa = PBXBuildFile; fileRef = F121190716DA6556A98C18CE /* TrixAPNsCoordinator.swift */; };
		C759B5D61F1E46AE3EF13612 /* TrixAppModel.swift in Sources */ = {isa = PBXBuildFile; fileRef = 056CC95719A07BAA289FCB0E /* TrixAppModel.swift */; };
		C776699971084DB840781A52 /* LiveKit in Frameworks */ = {isa = PBXBuildFile; productRef = 7A3A6E658B55B3B6F8C2F52D /* LiveKit */; };
		C9E2327848E3A5984D7E59EA /* TrixCallTests.swift in Sources */ = {isa = PBXBuildFile; fileRef = 1C55AF2D362784B83513DC12 /* TrixCallTests.swift */; };
		C9F9EB8155DE3ACB6E18485D /* TrixCallViewModel.swift in Sources */ = {isa = PBXBuildFile; fileRef = F5BE98838A69C7B3AF91B5D8 /* TrixCallViewModel.swift */; };
		CC3ED96142CA73D1EBE3A737 /* TrixNewRoomView.swift in Sources */ = {isa = PBXBuildFile; fileRef = 4CB7E28D9BE26DFDDF515848 /* TrixNewRoomView.swift */; };
		CC41FC4CB5C5D1D741BF89C1 /* TrixAdminAPIClient.swift in Sources */ = {isa = PBXBuildFile; fileRef = 03EF6A93D17A0AABF2404343 /* TrixAdminAPIClient.swift */; };
		CDF9E3EA955B8A666B9A1C57 /* TrixClientConfiguration.swift in Sources */ = {isa = PBXBuildFile; fileRef = 67180EC5D24D5F68AF4BF21D /* TrixClientConfiguration.swift */; };
		CE7C59BA16D194F84A8F1B9E /* DeviceVerificationViewModel.swift in Sources */ = {isa = PBXBuildFile; fileRef = A728389B09D31A93D5D10AF3 /* DeviceVerificationViewModel.swift */; };
		CFD02B00A99A6EB28089E5A7 /* TrixStickerTests.swift in Sources */ = {isa = PBXBuildFile; fileRef = 0E361322ECEB6552681FC51E /* TrixStickerTests.swift */; };
		D1020333366101FD28A6BC76 /* TrixRemoteNotificationPayloadTests.swift in Sources */ = {isa = PBXBuildFile; fileRef = 97D5FB80F688141C7F418525 /* TrixRemoteNotificationPayloadTests.swift */; };
		D15076EE9DE8A1252892154A /* TrixServiceProtocols.swift in Sources */ = {isa = PBXBuildFile; fileRef = 626D2464543C7ED82085CD5B /* TrixServiceProtocols.swift */; };
		D2BB6E218817598EEEFAD659 /* TrixUIPrimitives.swift in Sources */ = {isa = PBXBuildFile; fileRef = EE82DADDEFD49DFCE533A797 /* TrixUIPrimitives.swift */; };
		D3EFAE1C80717ADAF66B9804 /* TrixOMEMOStore.swift in Sources */ = {isa = PBXBuildFile; fileRef = C3B9CAC73BB4D740C2F79B3D /* TrixOMEMOStore.swift */; };
		D7320B365EDBC72D6A0F73AA /* TrixUserIdentity.swift in Sources */ = {isa = PBXBuildFile; fileRef = 8DB5C6A74C6B8FBA633AB8E7 /* TrixUserIdentity.swift */; };
		D73B1809FF61E2DF1B503C68 /* AppIcon.icns in Resources */ = {isa = PBXBuildFile; fileRef = 02BCE498CC4406155DBFAF50 /* AppIcon.icns */; };
		D996A9F301683535BCFCBD16 /* TrixCallViewModel.swift in Sources */ = {isa = PBXBuildFile; fileRef = F5BE98838A69C7B3AF91B5D8 /* TrixCallViewModel.swift */; };
		DA5E6075232F4DB3FEF04ABD /* TrixModels.swift in Sources */ = {isa = PBXBuildFile; fileRef = E9F6EEF889A5560D0EDF1503 /* TrixModels.swift */; };
		E2188B4431C52FFB67E0ED8B /* TrixCallVideoStageView.swift in Sources */ = {isa = PBXBuildFile; fileRef = BDE01C9A8C8C99AC84A51058 /* TrixCallVideoStageView.swift */; };
		E466A41461818BDC1F5264E0 /* TrixVisualDeviceVerificationView.swift in Sources */ = {isa = PBXBuildFile; fileRef = 2B10D324394A6B45839BBBD3 /* TrixVisualDeviceVerificationView.swift */; };
		E5EEB8D112F3D0B725FF308E /* TrixTimelineView.swift in Sources */ = {isa = PBXBuildFile; fileRef = ABC8B3AFF8B256AD64163ED3 /* TrixTimelineView.swift */; };
		E7EAA2D28494120AB192C6BE /* TrixLocalProfileConfiguration.swift in Sources */ = {isa = PBXBuildFile; fileRef = 3EF9EBF55D8AB0D295E1A173 /* TrixLocalProfileConfiguration.swift */; };
		EBF3BCA0A5E868E1D6BCCDAD /* TrixInviteIssueView.swift in Sources */ = {isa = PBXBuildFile; fileRef = B42A6621D0BCD3B821EE035A /* TrixInviteIssueView.swift */; };
		F3F274998D0C678FF257685F /* XMPPMartinService.swift in Sources */ = {isa = PBXBuildFile; fileRef = 521137CC0E9C946883248810 /* XMPPMartinService.swift */; };
		F58ACD874ECEDCFDFD4CBE82 /* TrixGroupRoomCacheStore.swift in Sources */ = {isa = PBXBuildFile; fileRef = A6CDAECFDAFCD702E0D47C71 /* TrixGroupRoomCacheStore.swift */; };
		F5B4F7E895C61C8E58E389BE /* TrixFeatureFlagTests.swift in Sources */ = {isa = PBXBuildFile; fileRef = 81287C46833C967224CB0DB1 /* TrixFeatureFlagTests.swift */; };
		FA3F50BDA5FE5D2C7FD89DFF /* TrixLoginView.swift in Sources */ = {isa = PBXBuildFile; fileRef = 1ACD907EF405BB7A2E6AB546 /* TrixLoginView.swift */; };
		FD0EC43DBFF61699A9B02DF9 /* TrixRoomNotificationProfileTests.swift in Sources */ = {isa = PBXBuildFile; fileRef = B7CF1DF531A65A029544C320 /* TrixRoomNotificationProfileTests.swift */; };
		FF9932E70FC1B6D7BCE2CA2C /* TrixProfileViewModel.swift in Sources */ = {isa = PBXBuildFile; fileRef = B64629B678C5260EB80FFD28 /* TrixProfileViewModel.swift */; };
/* End PBXBuildFile section */

/* Begin PBXContainerItemProxy section */
		5B2BF80ECC7098216436BAAA /* PBXContainerItemProxy */ = {
			isa = PBXContainerItemProxy;
			containerPortal = C42489216D0F0EFFD398C791 /* Project object */;
			proxyType = 1;
			remoteGlobalIDString = F80150C1565CC5EBAFD2BBA8;
			remoteInfo = TrixMatrixMac;
		};
/* End PBXContainerItemProxy section */

/* Begin PBXFileReference section */
		02BCE498CC4406155DBFAF50 /* AppIcon.icns */ = {isa = PBXFileReference; lastKnownFileType = image.icns; path = AppIcon.icns; sourceTree = "<group>"; };
		03EF6A93D17A0AABF2404343 /* TrixAdminAPIClient.swift */ = {isa = PBXFileReference; lastKnownFileType = sourcecode.swift; path = TrixAdminAPIClient.swift; sourceTree = "<group>"; };
		056CC95719A07BAA289FCB0E /* TrixAppModel.swift */ = {isa = PBXFileReference; lastKnownFileType = sourcecode.swift; path = TrixAppModel.swift; sourceTree = "<group>"; };
		08BCE490548975D7FE32CBD6 /* TrixGroupMemberRefreshTests.swift */ = {isa = PBXFileReference; lastKnownFileType = sourcecode.swift; path = TrixGroupMemberRefreshTests.swift; sourceTree = "<group>"; };
		0A20B3F32A750F95F1336243 /* TrixStickerImportService.swift */ = {isa = PBXFileReference; lastKnownFileType = sourcecode.swift; path = TrixStickerImportService.swift; sourceTree = "<group>"; };
		0D03FB2B31E006C19FCD28C6 /* TrixAdminViews.swift */ = {isa = PBXFileReference; lastKnownFileType = sourcecode.swift; path = TrixAdminViews.swift; sourceTree = "<group>"; };
		0DB3F0532BD6141816D4BA22 /* TrixUserDirectoryPickerView.swift */ = {isa = PBXFileReference; lastKnownFileType = sourcecode.swift; path = TrixUserDirectoryPickerView.swift; sourceTree = "<group>"; };
		0E361322ECEB6552681FC51E /* TrixStickerTests.swift */ = {isa = PBXFileReference; lastKnownFileType = sourcecode.swift; path = TrixStickerTests.swift; sourceTree = "<group>"; };
		1ACD907EF405BB7A2E6AB546 /* TrixLoginView.swift */ = {isa = PBXFileReference; lastKnownFileType = sourcecode.swift; path = TrixLoginView.swift; sourceTree = "<group>"; };
		1C2D59E85DDAC36B739AA246 /* RoomListViewModelTests.swift */ = {isa = PBXFileReference; lastKnownFileType = sourcecode.swift; path = RoomListViewModelTests.swift; sourceTree = "<group>"; };
		1C55AF2D362784B83513DC12 /* TrixCallTests.swift */ = {isa = PBXFileReference; lastKnownFileType = sourcecode.swift; path = TrixCallTests.swift; sourceTree = "<group>"; };
		218F41815711F48C162BEE1D /* TrixGroupMembersView.swift */ = {isa = PBXFileReference; lastKnownFileType = sourcecode.swift; path = TrixGroupMembersView.swift; sourceTree = "<group>"; };
		237D942B565A8A2F8001AAEF /* MockTrixService.swift */ = {isa = PBXFileReference; lastKnownFileType = sourcecode.swift; path = MockTrixService.swift; sourceTree = "<group>"; };
		2AD80BF94764F4E9363F716B /* TrixMediaCacheSettingsView.swift */ = {isa = PBXFileReference; lastKnownFileType = sourcecode.swift; path = TrixMediaCacheSettingsView.swift; sourceTree = "<group>"; };
		2B10D324394A6B45839BBBD3 /* TrixVisualDeviceVerificationView.swift */ = {isa = PBXFileReference; lastKnownFileType = sourcecode.swift; path = TrixVisualDeviceVerificationView.swift; sourceTree = "<group>"; };
		2B266E20A0FA583A11BEEB89 /* TrixPasteboard.swift */ = {isa = PBXFileReference; lastKnownFileType = sourcecode.swift; path = TrixPasteboard.swift; sourceTree = "<group>"; };
		337251558054A82A81447617 /* TrixInlineAttachmentPreview.swift */ = {isa = PBXFileReference; lastKnownFileType = sourcecode.swift; path = TrixInlineAttachmentPreview.swift; sourceTree = "<group>"; };
		3507E3910A5A61A38330B522 /* TrixUserIdentityTests.swift */ = {isa = PBXFileReference; lastKnownFileType = sourcecode.swift; path = TrixUserIdentityTests.swift; sourceTree = "<group>"; };
		3B314F499A3F78053508A2EB /* TrixCallSurfaceViews.swift */ = {isa = PBXFileReference; lastKnownFileType = sourcecode.swift; path = TrixCallSurfaceViews.swift; sourceTree = "<group>"; };
		3EF9EBF55D8AB0D295E1A173 /* TrixLocalProfileConfiguration.swift */ = {isa = PBXFileReference; lastKnownFileType = sourcecode.swift; path = TrixLocalProfileConfiguration.swift; sourceTree = "<group>"; };
		4219A1C95F0801F8E69645E1 /* TrixLimitationsView.swift */ = {isa = PBXFileReference; lastKnownFileType = sourcecode.swift; path = TrixLimitationsView.swift; sourceTree = "<group>"; };
		43722B0DE18EF6D1CA3D68AE /* TrixUserDirectorySearchViewModel.swift */ = {isa = PBXFileReference; lastKnownFileType = sourcecode.swift; path = TrixUserDirectorySearchViewModel.swift; sourceTree = "<group>"; };
		47369C50BE6121D347C0CB7C /* TrixPasswordChangeView.swift */ = {isa = PBXFileReference; lastKnownFileType = sourcecode.swift; path = TrixPasswordChangeView.swift; sourceTree = "<group>"; };
		48CD85B87B1DA07AD4EAD702 /* TrixRoomNotificationPlanner.swift */ = {isa = PBXFileReference; lastKnownFileType = sourcecode.swift; path = TrixRoomNotificationPlanner.swift; sourceTree = "<group>"; };
		4CB7E28D9BE26DFDDF515848 /* TrixNewRoomView.swift */ = {isa = PBXFileReference; lastKnownFileType = sourcecode.swift; path = TrixNewRoomView.swift; sourceTree = "<group>"; };
		4D96ADA6140C97A5CD1EA3D9 /* TrixVoIPPushCoordinator.swift */ = {isa = PBXFileReference; lastKnownFileType = sourcecode.swift; path = TrixVoIPPushCoordinator.swift; sourceTree = "<group>"; };
		4F11C27C439F14606E79D7EA /* TrixGroupLeaveOperationTests.swift */ = {isa = PBXFileReference; lastKnownFileType = sourcecode.swift; path = TrixGroupLeaveOperationTests.swift; sourceTree = "<group>"; };
		508D5313FCF6542829A02D00 /* TrixMatrixMac.app */ = {isa = PBXFileReference; explicitFileType = wrapper.application; includeInIndex = 0; path = TrixMatrixMac.app; sourceTree = BUILT_PRODUCTS_DIR; };
		521137CC0E9C946883248810 /* XMPPMartinService.swift */ = {isa = PBXFileReference; lastKnownFileType = sourcecode.swift; path = XMPPMartinService.swift; sourceTree = "<group>"; };
		5360313E1D5D743FBD43BF62 /* TrixTimelineCacheStore.swift */ = {isa = PBXFileReference; lastKnownFileType = sourcecode.swift; path = TrixTimelineCacheStore.swift; sourceTree = "<group>"; };
		55F7D8F50E34422F641CBC70 /* TrixStickerLibraryStore.swift */ = {isa = PBXFileReference; lastKnownFileType = sourcecode.swift; path = TrixStickerLibraryStore.swift; sourceTree = "<group>"; };
		5A160B4F983AE22D5C8286DA /* TrixRoomListView.swift */ = {isa = PBXFileReference; lastKnownFileType = sourcecode.swift; path = TrixRoomListView.swift; sourceTree = "<group>"; };
		5A96ED103808B7E771FFC5BA /* TrixRoomSearchView.swift */ = {isa = PBXFileReference; lastKnownFileType = sourcecode.swift; path = TrixRoomSearchView.swift; sourceTree = "<group>"; };
		61B76AE4B7FE38684FD69E3F /* XMPPLiveSmokeRunner.swift */ = {isa = PBXFileReference; lastKnownFileType = sourcecode.swift; path = XMPPLiveSmokeRunner.swift; sourceTree = "<group>"; };
		626D2464543C7ED82085CD5B /* TrixServiceProtocols.swift */ = {isa = PBXFileReference; lastKnownFileType = sourcecode.swift; path = TrixServiceProtocols.swift; sourceTree = "<group>"; };
		67180EC5D24D5F68AF4BF21D /* TrixClientConfiguration.swift */ = {isa = PBXFileReference; lastKnownFileType = sourcecode.swift; path = TrixClientConfiguration.swift; sourceTree = "<group>"; };
		6A05325B755D712A33CBE32F /* TrixCallModels.swift */ = {isa = PBXFileReference; lastKnownFileType = sourcecode.swift; path = TrixCallModels.swift; sourceTree = "<group>"; };
		6B6F98B5C2FA3DC9E57182A1 /* TrixMediaCacheTests.swift */ = {isa = PBXFileReference; lastKnownFileType = sourcecode.swift; path = TrixMediaCacheTests.swift; sourceTree = "<group>"; };
		76007C8FD94C5E153E5834F0 /* TrixInviteRegistrationService.swift */ = {isa = PBXFileReference; lastKnownFileType = sourcecode.swift; path = TrixInviteRegistrationService.swift; sourceTree = "<group>"; };
		7C66806692BC72BF8057298D /* TrixGroupControlPlaneService.swift */ = {isa = PBXFileReference; lastKnownFileType = sourcecode.swift; path = TrixGroupControlPlaneService.swift; sourceTree = "<group>"; };
		81287C46833C967224CB0DB1 /* TrixFeatureFlagTests.swift */ = {isa = PBXFileReference; lastKnownFileType = sourcecode.swift; path = TrixFeatureFlagTests.swift; sourceTree = "<group>"; };
		847B59FABE7AF1544B501953 /* TrixiOSApp.swift */ = {isa = PBXFileReference; lastKnownFileType = sourcecode.swift; path = TrixiOSApp.swift; sourceTree = "<group>"; };
		8574C00F06FC7D1AECD79E07 /* TrixAsyncOperationGateTests.swift */ = {isa = PBXFileReference; lastKnownFileType = sourcecode.swift; path = TrixAsyncOperationGateTests.swift; sourceTree = "<group>"; };
		8682262FABE4A23051A6161F /* TrixMatrixiOS.app */ = {isa = PBXFileReference; includeInIndex = 0; lastKnownFileType = wrapper.application; path = TrixMatrixiOS.app; sourceTree = BUILT_PRODUCTS_DIR; };
		87107FE8B5A1DB883FA13651 /* TrixCallAudioLevelRegistry.swift */ = {isa = PBXFileReference; lastKnownFileType = sourcecode.swift; path = TrixCallAudioLevelRegistry.swift; sourceTree = "<group>"; };
		88E0868B3BC38FDA64FD0EFF /* TrixMacApp.swift */ = {isa = PBXFileReference; lastKnownFileType = sourcecode.swift; path = TrixMacApp.swift; sourceTree = "<group>"; };
		8A7BE83B98922A490891F0E7 /* TrixLocalProfileConfigurationTests.swift */ = {isa = PBXFileReference; lastKnownFileType = sourcecode.swift; path = TrixLocalProfileConfigurationTests.swift; sourceTree = "<group>"; };
		8CB4DE535EF97BB0D0B809CB /* RoomListViewModel.swift */ = {isa = PBXFileReference; lastKnownFileType = sourcecode.swift; path = RoomListViewModel.swift; sourceTree = "<group>"; };
		8D29523C8CB988A1531D1D8E /* TrixMacRootView.swift */ = {isa = PBXFileReference; lastKnownFileType = sourcecode.swift; path = TrixMacRootView.swift; sourceTree = "<group>"; };
		8DB5C6A74C6B8FBA633AB8E7 /* TrixUserIdentity.swift */ = {isa = PBXFileReference; lastKnownFileType = sourcecode.swift; path = TrixUserIdentity.swift; sourceTree = "<group>"; };
		8E6EF5F0884005747138F683 /* TrixMUCNicknameTests.swift */ = {isa = PBXFileReference; lastKnownFileType = sourcecode.swift; path = TrixMUCNicknameTests.swift; sourceTree = "<group>"; };
		8EB7838D0C01E007C98F5E01 /* TrixForegroundCallRinger.swift */ = {isa = PBXFileReference; lastKnownFileType = sourcecode.swift; path = TrixForegroundCallRinger.swift; sourceTree = "<group>"; };
		913784390EE11A5D409BF69B /* Assets.xcassets */ = {isa = PBXFileReference; lastKnownFileType = folder.assetcatalog; path = Assets.xcassets; sourceTree = "<group>"; };
		933861A15D006B5E3C9D96A0 /* TrixRoomSummaryCacheStore.swift */ = {isa = PBXFileReference; lastKnownFileType = sourcecode.swift; path = TrixRoomSummaryCacheStore.swift; sourceTree = "<group>"; };
		944AC741D1613083D83D085A /* DeviceVerificationTests.swift */ = {isa = PBXFileReference; lastKnownFileType = sourcecode.swift; path = DeviceVerificationTests.swift; sourceTree = "<group>"; };
		97D5FB80F688141C7F418525 /* TrixRemoteNotificationPayloadTests.swift */ = {isa = PBXFileReference; lastKnownFileType = sourcecode.swift; path = TrixRemoteNotificationPayloadTests.swift; sourceTree = "<group>"; };
		982CA9963B78FB1D985AB7DD /* KeychainTrixSessionStore.swift */ = {isa = PBXFileReference; lastKnownFileType = sourcecode.swift; path = KeychainTrixSessionStore.swift; sourceTree = "<group>"; };
		A2B35075275B150F3A4E508B /* TrixRootView.swift */ = {isa = PBXFileReference; lastKnownFileType = sourcecode.swift; path = TrixRootView.swift; sourceTree = "<group>"; };
		A406E30E28EA61CB8EFF1247 /* TrixMacAppDelegate.swift */ = {isa = PBXFileReference; lastKnownFileType = sourcecode.swift; path = TrixMacAppDelegate.swift; sourceTree = "<group>"; };
		A424B363E48C361CEDFAB166 /* TrixAdminMac.app */ = {isa = PBXFileReference; explicitFileType = wrapper.application; includeInIndex = 0; path = TrixAdminMac.app; sourceTree = BUILT_PRODUCTS_DIR; };
		A6CDAECFDAFCD702E0D47C71 /* TrixGroupRoomCacheStore.swift */ = {isa = PBXFileReference; lastKnownFileType = sourcecode.swift; path = TrixGroupRoomCacheStore.swift; sourceTree = "<group>"; };
		A728389B09D31A93D5D10AF3 /* DeviceVerificationViewModel.swift */ = {isa = PBXFileReference; lastKnownFileType = sourcecode.swift; path = DeviceVerificationViewModel.swift; sourceTree = "<group>"; };
		A9CD022B1BE00F3C65E90173 /* TrixProfileSettingsView.swift */ = {isa = PBXFileReference; lastKnownFileType = sourcecode.swift; path = TrixProfileSettingsView.swift; sourceTree = "<group>"; };
		ABC8B3AFF8B256AD64163ED3 /* TrixTimelineView.swift */ = {isa = PBXFileReference; lastKnownFileType = sourcecode.swift; path = TrixTimelineView.swift; sourceTree = "<group>"; };
		B071C2A1F4524EC903F3B000 /* TrixMatrixMacTests.xctest */ = {isa = PBXFileReference; explicitFileType = wrapper.cfbundle; includeInIndex = 0; path = TrixMatrixMacTests.xctest; sourceTree = BUILT_PRODUCTS_DIR; };
		B42A6621D0BCD3B821EE035A /* TrixInviteIssueView.swift */ = {isa = PBXFileReference; lastKnownFileType = sourcecode.swift; path = TrixInviteIssueView.swift; sourceTree = "<group>"; };
		B64629B678C5260EB80FFD28 /* TrixProfileViewModel.swift */ = {isa = PBXFileReference; lastKnownFileType = sourcecode.swift; path = TrixProfileViewModel.swift; sourceTree = "<group>"; };
		B7CF1DF531A65A029544C320 /* TrixRoomNotificationProfileTests.swift */ = {isa = PBXFileReference; lastKnownFileType = sourcecode.swift; path = TrixRoomNotificationProfileTests.swift; sourceTree = "<group>"; };
		BCE53F11CF091DC0AB34F5BE /* TrixAdminAppModel.swift */ = {isa = PBXFileReference; lastKnownFileType = sourcecode.swift; path = TrixAdminAppModel.swift; sourceTree = "<group>"; };
		BDE01C9A8C8C99AC84A51058 /* TrixCallVideoStageView.swift */ = {isa = PBXFileReference; lastKnownFileType = sourcecode.swift; path = TrixCallVideoStageView.swift; sourceTree = "<group>"; };
		C2B6FAE75BED0075E8E87A13 /* Info.plist */ = {isa = PBXFileReference; lastKnownFileType = text.plist; path = Info.plist; sourceTree = "<group>"; };
		C3B9CAC73BB4D740C2F79B3D /* TrixOMEMOStore.swift */ = {isa = PBXFileReference; lastKnownFileType = sourcecode.swift; path = TrixOMEMOStore.swift; sourceTree = "<group>"; };
		CC15B39FB4918244CEFD2071 /* TrixAsyncOperationGate.swift */ = {isa = PBXFileReference; lastKnownFileType = sourcecode.swift; path = TrixAsyncOperationGate.swift; sourceTree = "<group>"; };
		D11721CE5ADE58480164002B /* TrixCallServices.swift */ = {isa = PBXFileReference; lastKnownFileType = sourcecode.swift; path = TrixCallServices.swift; sourceTree = "<group>"; };
		D21E70CBBF2AB9DB0E631987 /* TrixFeatureFlags.swift */ = {isa = PBXFileReference; lastKnownFileType = sourcecode.swift; path = TrixFeatureFlags.swift; sourceTree = "<group>"; };
		D8CB581634E119AACB67E300 /* TrixAdminApp.swift */ = {isa = PBXFileReference; lastKnownFileType = sourcecode.swift; path = TrixAdminApp.swift; sourceTree = "<group>"; };
		DA99539538D3795920A792CD /* Info.plist */ = {isa = PBXFileReference; lastKnownFileType = text.plist; path = Info.plist; sourceTree = "<group>"; };
		E40B7B73F121759083185AE2 /* MockTrixServiceGroupLeaveTests.swift */ = {isa = PBXFileReference; lastKnownFileType = sourcecode.swift; path = MockTrixServiceGroupLeaveTests.swift; sourceTree = "<group>"; };
		E9C684C0F74E6B343975F161 /* TrixMediaCacheStore.swift */ = {isa = PBXFileReference; lastKnownFileType = sourcecode.swift; path = TrixMediaCacheStore.swift; sourceTree = "<group>"; };
		E9F6EEF889A5560D0EDF1503 /* TrixModels.swift */ = {isa = PBXFileReference; lastKnownFileType = sourcecode.swift; path = TrixModels.swift; sourceTree = "<group>"; };
		EC66C67039D6021BBECC42C5 /* Info.plist */ = {isa = PBXFileReference; lastKnownFileType = text.plist; path = Info.plist; sourceTree = "<group>"; };
		EDAB7547FCC71382F1D4B836 /* TrixiOSAppDelegate.swift */ = {isa = PBXFileReference; lastKnownFileType = sourcecode.swift; path = TrixiOSAppDelegate.swift; sourceTree = "<group>"; };
		EE82DADDEFD49DFCE533A797 /* TrixUIPrimitives.swift */ = {isa = PBXFileReference; lastKnownFileType = sourcecode.swift; path = TrixUIPrimitives.swift; sourceTree = "<group>"; };
		EEB0655E233DAB56B8623281 /* TimelineViewModel.swift */ = {isa = PBXFileReference; lastKnownFileType = sourcecode.swift; path = TimelineViewModel.swift; sourceTree = "<group>"; };
		EEDCBB15AE4311F5FE32A774 /* TimelineViewModelTests.swift */ = {isa = PBXFileReference; lastKnownFileType = sourcecode.swift; path = TimelineViewModelTests.swift; sourceTree = "<group>"; };
		EF05C2B3D8E5F36B7F3106F7 /* TrixRoomNotificationProfileStore.swift */ = {isa = PBXFileReference; lastKnownFileType = sourcecode.swift; path = TrixRoomNotificationProfileStore.swift; sourceTree = "<group>"; };
		F121190716DA6556A98C18CE /* TrixAPNsCoordinator.swift */ = {isa = PBXFileReference; lastKnownFileType = sourcecode.swift; path = TrixAPNsCoordinator.swift; sourceTree = "<group>"; };
		F5BE98838A69C7B3AF91B5D8 /* TrixCallViewModel.swift */ = {isa = PBXFileReference; lastKnownFileType = sourcecode.swift; path = TrixCallViewModel.swift; sourceTree = "<group>"; };
/* End PBXFileReference section */

/* Begin PBXFrameworksBuildPhase section */
		7CF0A5EB5F09CC3B3B06A028 /* Frameworks */ = {
			isa = PBXFrameworksBuildPhase;
			buildActionMask = 2147483647;
			files = (
				807543063C7A8EC6639E1D70 /* Martin in Frameworks */,
				5BCD889F6C600AFC151E706F /* MartinOMEMO in Frameworks */,
				C776699971084DB840781A52 /* LiveKit in Frameworks */,
			);
			runOnlyForDeploymentPostprocessing = 0;
		};
		8B9E4F9D64BE1D73888F2EF3 /* Frameworks */ = {
			isa = PBXFrameworksBuildPhase;
			buildActionMask = 2147483647;
			files = (
				537309E828290708DF967EEB /* Martin in Frameworks */,
				018963E0097AF7D5ADFE41C1 /* MartinOMEMO in Frameworks */,
				2C723C199B26FF23B4D4EABB /* LiveKit in Frameworks */,
			);
			runOnlyForDeploymentPostprocessing = 0;
		};
/* End PBXFrameworksBuildPhase section */

/* Begin PBXGroup section */
		02B6E2ED9762411B61972286 /* Shared */ = {
			isa = PBXGroup;
			children = (
				944AC741D1613083D83D085A /* DeviceVerificationTests.swift */,
				E40B7B73F121759083185AE2 /* MockTrixServiceGroupLeaveTests.swift */,
				1C2D59E85DDAC36B739AA246 /* RoomListViewModelTests.swift */,
				EEDCBB15AE4311F5FE32A774 /* TimelineViewModelTests.swift */,
				8574C00F06FC7D1AECD79E07 /* TrixAsyncOperationGateTests.swift */,
				1C55AF2D362784B83513DC12 /* TrixCallTests.swift */,
				81287C46833C967224CB0DB1 /* TrixFeatureFlagTests.swift */,
				4F11C27C439F14606E79D7EA /* TrixGroupLeaveOperationTests.swift */,
				08BCE490548975D7FE32CBD6 /* TrixGroupMemberRefreshTests.swift */,
				8A7BE83B98922A490891F0E7 /* TrixLocalProfileConfigurationTests.swift */,
				6B6F98B5C2FA3DC9E57182A1 /* TrixMediaCacheTests.swift */,
				8E6EF5F0884005747138F683 /* TrixMUCNicknameTests.swift */,
				97D5FB80F688141C7F418525 /* TrixRemoteNotificationPayloadTests.swift */,
				B7CF1DF531A65A029544C320 /* TrixRoomNotificationProfileTests.swift */,
				0E361322ECEB6552681FC51E /* TrixStickerTests.swift */,
				3507E3910A5A61A38330B522 /* TrixUserIdentityTests.swift */,
			);
			name = Shared;
			path = Tests/Shared;
			sourceTree = "<group>";
		};
		0CFC0196CD51203AE7CB57E2 /* macOS */ = {
			isa = PBXGroup;
			children = (
				C2B6FAE75BED0075E8E87A13 /* Info.plist */,
				88E0868B3BC38FDA64FD0EFF /* TrixMacApp.swift */,
				A406E30E28EA61CB8EFF1247 /* TrixMacAppDelegate.swift */,
				8D29523C8CB988A1531D1D8E /* TrixMacRootView.swift */,
				D58D3C939A3C9EEB7F4B7CA4 /* Resources */,
			);
			name = macOS;
			path = Sources/macOS;
			sourceTree = "<group>";
		};
		25FE97757ABAA8D70924A157 /* Products */ = {
			isa = PBXGroup;
			children = (
				A424B363E48C361CEDFAB166 /* TrixAdminMac.app */,
				8682262FABE4A23051A6161F /* TrixMatrixiOS.app */,
				508D5313FCF6542829A02D00 /* TrixMatrixMac.app */,
				B071C2A1F4524EC903F3B000 /* TrixMatrixMacTests.xctest */,
			);
			name = Products;
			sourceTree = "<group>";
		};
		266DB1B97162D76D1791A6EC /* Models */ = {
			isa = PBXGroup;
			children = (
				87107FE8B5A1DB883FA13651 /* TrixCallAudioLevelRegistry.swift */,
				6A05325B755D712A33CBE32F /* TrixCallModels.swift */,
				E9F6EEF889A5560D0EDF1503 /* TrixModels.swift */,
				8DB5C6A74C6B8FBA633AB8E7 /* TrixUserIdentity.swift */,
			);
			path = Models;
			sourceTree = "<group>";
		};
		270641E14C6A7ABCC5C3969D = {
			isa = PBXGroup;
			children = (
				436927EE9DCE120E4BDF700E /* Admin */,
				E1614ACD5BF88F040D145BF4 /* iOS */,
				0CFC0196CD51203AE7CB57E2 /* macOS */,
				7DE6BC0DF99035EE8E0C7787 /* Shared */,
				02B6E2ED9762411B61972286 /* Shared */,
				297FD7D719564EFDC8AF84B8 /* SharedFeatureFlags */,
				25FE97757ABAA8D70924A157 /* Products */,
			);
			sourceTree = "<group>";
		};
		297FD7D719564EFDC8AF84B8 /* SharedFeatureFlags */ = {
			isa = PBXGroup;
			children = (
				D21E70CBBF2AB9DB0E631987 /* TrixFeatureFlags.swift */,
			);
			name = SharedFeatureFlags;
			path = Sources/SharedFeatureFlags;
			sourceTree = "<group>";
		};
		3C3D6A2CC3483E3B08B2801D /* App */ = {
			isa = PBXGroup;
			children = (
				F121190716DA6556A98C18CE /* TrixAPNsCoordinator.swift */,
				056CC95719A07BAA289FCB0E /* TrixAppModel.swift */,
				67180EC5D24D5F68AF4BF21D /* TrixClientConfiguration.swift */,
				3EF9EBF55D8AB0D295E1A173 /* TrixLocalProfileConfiguration.swift */,
				48CD85B87B1DA07AD4EAD702 /* TrixRoomNotificationPlanner.swift */,
				61B76AE4B7FE38684FD69E3F /* XMPPLiveSmokeRunner.swift */,
			);
			path = App;
			sourceTree = "<group>";
		};
		436927EE9DCE120E4BDF700E /* Admin */ = {
			isa = PBXGroup;
			children = (
				EC66C67039D6021BBECC42C5 /* Info.plist */,
				03EF6A93D17A0AABF2404343 /* TrixAdminAPIClient.swift */,
				D8CB581634E119AACB67E300 /* TrixAdminApp.swift */,
				BCE53F11CF091DC0AB34F5BE /* TrixAdminAppModel.swift */,
				0D03FB2B31E006C19FCD28C6 /* TrixAdminViews.swift */,
			);
			name = Admin;
			path = Sources/Admin;
			sourceTree = "<group>";
		};
		7DE6BC0DF99035EE8E0C7787 /* Shared */ = {
			isa = PBXGroup;
			children = (
				3C3D6A2CC3483E3B08B2801D /* App */,
				266DB1B97162D76D1791A6EC /* Models */,
				824EBE369DDA37C5B37DA6E2 /* Services */,
				81BBD7219AAC39F303DE9FFD /* ViewModels */,
				CF903727AFAF907857D6F0FA /* Views */,
			);
			name = Shared;
			path = Sources/Shared;
			sourceTree = "<group>";
		};
		81BBD7219AAC39F303DE9FFD /* ViewModels */ = {
			isa = PBXGroup;
			children = (
				A728389B09D31A93D5D10AF3 /* DeviceVerificationViewModel.swift */,
				8CB4DE535EF97BB0D0B809CB /* RoomListViewModel.swift */,
				EEB0655E233DAB56B8623281 /* TimelineViewModel.swift */,
				F5BE98838A69C7B3AF91B5D8 /* TrixCallViewModel.swift */,
				B64629B678C5260EB80FFD28 /* TrixProfileViewModel.swift */,
				43722B0DE18EF6D1CA3D68AE /* TrixUserDirectorySearchViewModel.swift */,
			);
			path = ViewModels;
			sourceTree = "<group>";
		};
		824EBE369DDA37C5B37DA6E2 /* Services */ = {
			isa = PBXGroup;
			children = (
				982CA9963B78FB1D985AB7DD /* KeychainTrixSessionStore.swift */,
				237D942B565A8A2F8001AAEF /* MockTrixService.swift */,
				CC15B39FB4918244CEFD2071 /* TrixAsyncOperationGate.swift */,
				D11721CE5ADE58480164002B /* TrixCallServices.swift */,
				8EB7838D0C01E007C98F5E01 /* TrixForegroundCallRinger.swift */,
				7C66806692BC72BF8057298D /* TrixGroupControlPlaneService.swift */,
				A6CDAECFDAFCD702E0D47C71 /* TrixGroupRoomCacheStore.swift */,
				76007C8FD94C5E153E5834F0 /* TrixInviteRegistrationService.swift */,
				E9C684C0F74E6B343975F161 /* TrixMediaCacheStore.swift */,
				C3B9CAC73BB4D740C2F79B3D /* TrixOMEMOStore.swift */,
				2B266E20A0FA583A11BEEB89 /* TrixPasteboard.swift */,
				EF05C2B3D8E5F36B7F3106F7 /* TrixRoomNotificationProfileStore.swift */,
				933861A15D006B5E3C9D96A0 /* TrixRoomSummaryCacheStore.swift */,
				626D2464543C7ED82085CD5B /* TrixServiceProtocols.swift */,
				0A20B3F32A750F95F1336243 /* TrixStickerImportService.swift */,
				55F7D8F50E34422F641CBC70 /* TrixStickerLibraryStore.swift */,
				5360313E1D5D743FBD43BF62 /* TrixTimelineCacheStore.swift */,
				521137CC0E9C946883248810 /* XMPPMartinService.swift */,
			);
			path = Services;
			sourceTree = "<group>";
		};
		B039DAB3F58E2D55EF19D0A6 /* Resources */ = {
			isa = PBXGroup;
			children = (
				913784390EE11A5D409BF69B /* Assets.xcassets */,
			);
			path = Resources;
			sourceTree = "<group>";
		};
		CF903727AFAF907857D6F0FA /* Views */ = {
			isa = PBXGroup;
			children = (
				3B314F499A3F78053508A2EB /* TrixCallSurfaceViews.swift */,
				BDE01C9A8C8C99AC84A51058 /* TrixCallVideoStageView.swift */,
				218F41815711F48C162BEE1D /* TrixGroupMembersView.swift */,
				337251558054A82A81447617 /* TrixInlineAttachmentPreview.swift */,
				B42A6621D0BCD3B821EE035A /* TrixInviteIssueView.swift */,
				4219A1C95F0801F8E69645E1 /* TrixLimitationsView.swift */,
				1ACD907EF405BB7A2E6AB546 /* TrixLoginView.swift */,
				2AD80BF94764F4E9363F716B /* TrixMediaCacheSettingsView.swift */,
				4CB7E28D9BE26DFDDF515848 /* TrixNewRoomView.swift */,
				47369C50BE6121D347C0CB7C /* TrixPasswordChangeView.swift */,
				A9CD022B1BE00F3C65E90173 /* TrixProfileSettingsView.swift */,
				5A160B4F983AE22D5C8286DA /* TrixRoomListView.swift */,
				5A96ED103808B7E771FFC5BA /* TrixRoomSearchView.swift */,
				A2B35075275B150F3A4E508B /* TrixRootView.swift */,
				ABC8B3AFF8B256AD64163ED3 /* TrixTimelineView.swift */,
				EE82DADDEFD49DFCE533A797 /* TrixUIPrimitives.swift */,
				0DB3F0532BD6141816D4BA22 /* TrixUserDirectoryPickerView.swift */,
				2B10D324394A6B45839BBBD3 /* TrixVisualDeviceVerificationView.swift */,
			);
			path = Views;
			sourceTree = "<group>";
		};
		D58D3C939A3C9EEB7F4B7CA4 /* Resources */ = {
			isa = PBXGroup;
			children = (
				02BCE498CC4406155DBFAF50 /* AppIcon.icns */,
			);
			path = Resources;
			sourceTree = "<group>";
		};
		E1614ACD5BF88F040D145BF4 /* iOS */ = {
			isa = PBXGroup;
			children = (
				DA99539538D3795920A792CD /* Info.plist */,
				847B59FABE7AF1544B501953 /* TrixiOSApp.swift */,
				EDAB7547FCC71382F1D4B836 /* TrixiOSAppDelegate.swift */,
				4D96ADA6140C97A5CD1EA3D9 /* TrixVoIPPushCoordinator.swift */,
				B039DAB3F58E2D55EF19D0A6 /* Resources */,
			);
			name = iOS;
			path = Sources/iOS;
			sourceTree = "<group>";
		};
/* End PBXGroup section */

/* Begin PBXNativeTarget section */
		10C29854EDE2CDFE7C5F688C /* TrixMatrixMacTests */ = {
			isa = PBXNativeTarget;
			buildConfigurationList = 61FA2A77715A426355B00A89 /* Build configuration list for PBXNativeTarget "TrixMatrixMacTests" */;
			buildPhases = (
				6ACC351F5DF68BD598165F1B /* Sources */,
			);
			buildRules = (
			);
			dependencies = (
				D365806BDF3300B19A2BDFF8 /* PBXTargetDependency */,
			);
			name = TrixMatrixMacTests;
			packageProductDependencies = (
			);
			productName = TrixMatrixMacTests;
			productReference = B071C2A1F4524EC903F3B000 /* TrixMatrixMacTests.xctest */;
			productType = "com.apple.product-type.bundle.unit-test";
		};
		1E985C4923A84AFAEF6B9AB4 /* TrixAdminMac */ = {
			isa = PBXNativeTarget;
			buildConfigurationList = EBCB843E5529406431201C59 /* Build configuration list for PBXNativeTarget "TrixAdminMac" */;
			buildPhases = (
				31213A39F805C78E46F30B24 /* Sources */,
			);
			buildRules = (
			);
			dependencies = (
			);
			name = TrixAdminMac;
			packageProductDependencies = (
			);
			productName = TrixAdminMac;
			productReference = A424B363E48C361CEDFAB166 /* TrixAdminMac.app */;
			productType = "com.apple.product-type.application";
		};
		ACF6312FAACCD1BC6923563C /* TrixMatrixiOS */ = {
			isa = PBXNativeTarget;
			buildConfigurationList = 26F4A14AB66F259065D8BA44 /* Build configuration list for PBXNativeTarget "TrixMatrixiOS" */;
			buildPhases = (
				61CA8187F7B281FBD49A924E /* Sources */,
				1090840E70497C98659A0341 /* Resources */,
				7CF0A5EB5F09CC3B3B06A028 /* Frameworks */,
			);
			buildRules = (
			);
			dependencies = (
			);
			name = TrixMatrixiOS;
			packageProductDependencies = (
				AF0FA74A744B2E98E20D8738 /* Martin */,
				7BF98DD511834ED334A9B210 /* MartinOMEMO */,
				7A3A6E658B55B3B6F8C2F52D /* LiveKit */,
			);
			productName = TrixMatrixiOS;
			productReference = 8682262FABE4A23051A6161F /* TrixMatrixiOS.app */;
			productType = "com.apple.product-type.application";
		};
		F80150C1565CC5EBAFD2BBA8 /* TrixMatrixMac */ = {
			isa = PBXNativeTarget;
			buildConfigurationList = 08A261F21E09604E0CBA19CE /* Build configuration list for PBXNativeTarget "TrixMatrixMac" */;
			buildPhases = (
				3F615A0B80C76355D35FE151 /* Sources */,
				306467DDC4CFA337A60B4E78 /* Resources */,
				8B9E4F9D64BE1D73888F2EF3 /* Frameworks */,
			);
			buildRules = (
			);
			dependencies = (
			);
			name = TrixMatrixMac;
			packageProductDependencies = (
				A2688357F9AFCAC4CD829C06 /* Martin */,
				E747E1A70FF2F8B54BE3EA20 /* MartinOMEMO */,
				B22FCF2CE382CA108F3819AD /* LiveKit */,
			);
			productName = TrixMatrixMac;
			productReference = 508D5313FCF6542829A02D00 /* TrixMatrixMac.app */;
			productType = "com.apple.product-type.application";
		};
/* End PBXNativeTarget section */

/* Begin PBXProject section */
		C42489216D0F0EFFD398C791 /* Project object */ = {
			isa = PBXProject;
			attributes = {
				BuildIndependentTargetsInParallel = YES;
				LastUpgradeCheck = 1430;
				TargetAttributes = {
					1E985C4923A84AFAEF6B9AB4 = {
						DevelopmentTeam = HGY33KYKQ2;
						ProvisioningStyle = Automatic;
					};
					ACF6312FAACCD1BC6923563C = {
						DevelopmentTeam = HGY33KYKQ2;
						ProvisioningStyle = Automatic;
					};
					F80150C1565CC5EBAFD2BBA8 = {
						DevelopmentTeam = HGY33KYKQ2;
						ProvisioningStyle = Automatic;
					};
				};
			};
			buildConfigurationList = 6FE070F481D0D9825B63C260 /* Build configuration list for PBXProject "TrixMatrix" */;
			developmentRegion = en;
			hasScannedForEncodings = 0;
			knownRegions = (
				Base,
				en,
			);
			mainGroup = 270641E14C6A7ABCC5C3969D;
			minimizedProjectReferenceProxies = 1;
			packageReferences = (
				C0461572C03B1A63838543D1 /* XCRemoteSwiftPackageReference "client-sdk-swift" */,
				1089CF65FF55602059AC9BE6 /* XCRemoteSwiftPackageReference "Martin" */,
				1CAAABECCC18B71A7A213F54 /* XCRemoteSwiftPackageReference "MartinOMEMO" */,
			);
			preferredProjectObjectVersion = 77;
			productRefGroup = 25FE97757ABAA8D70924A157 /* Products */;
			projectDirPath = "";
			projectRoot = "";
			targets = (
				1E985C4923A84AFAEF6B9AB4 /* TrixAdminMac */,
				F80150C1565CC5EBAFD2BBA8 /* TrixMatrixMac */,
				10C29854EDE2CDFE7C5F688C /* TrixMatrixMacTests */,
				ACF6312FAACCD1BC6923563C /* TrixMatrixiOS */,
			);
		};
/* End PBXProject section */

/* Begin PBXResourcesBuildPhase section */
		1090840E70497C98659A0341 /* Resources */ = {
			isa = PBXResourcesBuildPhase;
			buildActionMask = 2147483647;
			files = (
				A7645E65B233DE4772DC7C04 /* Assets.xcassets in Resources */,
			);
			runOnlyForDeploymentPostprocessing = 0;
		};
		306467DDC4CFA337A60B4E78 /* Resources */ = {
			isa = PBXResourcesBuildPhase;
			buildActionMask = 2147483647;
			files = (
				D73B1809FF61E2DF1B503C68 /* AppIcon.icns in Resources */,
			);
			runOnlyForDeploymentPostprocessing = 0;
		};
/* End PBXResourcesBuildPhase section */

/* Begin PBXSourcesBuildPhase section */
		31213A39F805C78E46F30B24 /* Sources */ = {
			isa = PBXSourcesBuildPhase;
			buildActionMask = 2147483647;
			files = (
				CC41FC4CB5C5D1D741BF89C1 /* TrixAdminAPIClient.swift in Sources */,
				606651859245DAAC6EFB6363 /* TrixAdminApp.swift in Sources */,
				8ED2D90D9E34377C0DE6FCA7 /* TrixAdminAppModel.swift in Sources */,
				8DF16EEFAFED980624B64EC1 /* TrixAdminViews.swift in Sources */,
				3265DD845844A8AB2355C9C8 /* TrixFeatureFlags.swift in Sources */,
			);
			runOnlyForDeploymentPostprocessing = 0;
		};
		3F615A0B80C76355D35FE151 /* Sources */ = {
			isa = PBXSourcesBuildPhase;
			buildActionMask = 2147483647;
			files = (
				4045AFBF57F71D0CBDA102AE /* DeviceVerificationViewModel.swift in Sources */,
				9A4D2A750B168D3918B0D5CE /* KeychainTrixSessionStore.swift in Sources */,
				A255F6AA8373944E3861E59F /* MockTrixService.swift in Sources */,
				8C6169B957900216C4377471 /* RoomListViewModel.swift in Sources */,
				01DD84A806E5A3D66513361E /* TimelineViewModel.swift in Sources */,
				C71F99EBA41DD58DB4261084 /* TrixAPNsCoordinator.swift in Sources */,
				1AACA3ED2E1565E804CDEF34 /* TrixAppModel.swift in Sources */,
				56F75E2A54893DD9EC4B2A49 /* TrixAsyncOperationGate.swift in Sources */,
				5E8428C7C3A98FDACAF74130 /* TrixCallAudioLevelRegistry.swift in Sources */,
				5E770BB2E1B1AC1BA338F71B /* TrixCallModels.swift in Sources */,
				4DE37C168E578C5FA7E52A37 /* TrixCallServices.swift in Sources */,
				49BE60965D0203A0FBA5C2D6 /* TrixCallSurfaceViews.swift in Sources */,
				39A52996264B32B6004BE4D8 /* TrixCallVideoStageView.swift in Sources */,
				D996A9F301683535BCFCBD16 /* TrixCallViewModel.swift in Sources */,
				CDF9E3EA955B8A666B9A1C57 /* TrixClientConfiguration.swift in Sources */,
				B7D23886C79D10FD3ABF70C9 /* TrixFeatureFlags.swift in Sources */,
				294B5E2CCAE45FF18851E7E9 /* TrixForegroundCallRinger.swift in Sources */,
				97317C8F64DD6473CAC8310B /* TrixGroupControlPlaneService.swift in Sources */,
				B87D22C877BCEABC1A6BCE4B /* TrixGroupMembersView.swift in Sources */,
				86F51D72617511B1F9899F66 /* TrixGroupRoomCacheStore.swift in Sources */,
				32F7131F833CF232EBFBE76B /* TrixInlineAttachmentPreview.swift in Sources */,
				2C6928BF2BC09651052611D8 /* TrixInviteIssueView.swift in Sources */,
				9573B780604DFE02A180F489 /* TrixInviteRegistrationService.swift in Sources */,
				B5C417A232F5ACC6D379926C /* TrixLimitationsView.swift in Sources */,
				E7EAA2D28494120AB192C6BE /* TrixLocalProfileConfiguration.swift in Sources */,
				0D25056FBC20F3C2B348AB50 /* TrixLoginView.swift in Sources */,
				480977EBF4C8E5F36F8E6B5A /* TrixMacApp.swift in Sources */,
				7ED782FC48806771BC21375B /* TrixMacAppDelegate.swift in Sources */,
				9BFD15A4B9F06A6A420114FC /* TrixMacRootView.swift in Sources */,
				1E12B7ACDDD7B5757E0E2DA2 /* TrixMediaCacheSettingsView.swift in Sources */,
				27E7508E6D24B67C4CE27E61 /* TrixMediaCacheStore.swift in Sources */,
				DA5E6075232F4DB3FEF04ABD /* TrixModels.swift in Sources */,
				2C3610063B8F38A9B73F8D6D /* TrixNewRoomView.swift in Sources */,
				D3EFAE1C80717ADAF66B9804 /* TrixOMEMOStore.swift in Sources */,
				6D3ADB1DE9BA846DCE0F6CF1 /* TrixPasswordChangeView.swift in Sources */,
				0F23C155C71D7754956BE775 /* TrixPasteboard.swift in Sources */,
				077FB19BBBC2DE5F19B935E5 /* TrixProfileSettingsView.swift in Sources */,
				FF9932E70FC1B6D7BCE2CA2C /* TrixProfileViewModel.swift in Sources */,
				B12D38D695C0CC7E8A1D0889 /* TrixRoomListView.swift in Sources */,
				16A2C3D738A376CE172416C9 /* TrixRoomNotificationPlanner.swift in Sources */,
				97272D55D3C64D696C53B965 /* TrixRoomNotificationProfileStore.swift in Sources */,
				71F0476C58E284C111056AF1 /* TrixRoomSearchView.swift in Sources */,
				936A4296DD7D9C7CFA5DE5D2 /* TrixRoomSummaryCacheStore.swift in Sources */,
				2E8181505E263CC7A7991096 /* TrixRootView.swift in Sources */,
				D15076EE9DE8A1252892154A /* TrixServiceProtocols.swift in Sources */,
				6DB899B364A13A3B8507B857 /* TrixStickerImportService.swift in Sources */,
				3C93E347BD051EABF172B37F /* TrixStickerLibraryStore.swift in Sources */,
				34553562AB89EF56C3ECFD76 /* TrixTimelineCacheStore.swift in Sources */,
				E5EEB8D112F3D0B725FF308E /* TrixTimelineView.swift in Sources */,
				0DEB71252D8479D650CCAE84 /* TrixUIPrimitives.swift in Sources */,
				921F0FC41786273D87813408 /* TrixUserDirectoryPickerView.swift in Sources */,
				B810FC6FE7BB3C2EB1FC3499 /* TrixUserDirectorySearchViewModel.swift in Sources */,
				D7320B365EDBC72D6A0F73AA /* TrixUserIdentity.swift in Sources */,
				C047D486EA323DB75611B0BD /* TrixVisualDeviceVerificationView.swift in Sources */,
				A9CCBF62507C1B789E7B4D12 /* XMPPLiveSmokeRunner.swift in Sources */,
				907B1EA79B4C0EF1F64763FD /* XMPPMartinService.swift in Sources */,
			);
			runOnlyForDeploymentPostprocessing = 0;
		};
		61CA8187F7B281FBD49A924E /* Sources */ = {
			isa = PBXSourcesBuildPhase;
			buildActionMask = 2147483647;
			files = (
				CE7C59BA16D194F84A8F1B9E /* DeviceVerificationViewModel.swift in Sources */,
				4C45D6C2B54517DB3154AEE9 /* KeychainTrixSessionStore.swift in Sources */,
				9D22B50ED6B047D13287B71A /* MockTrixService.swift in Sources */,
				67CC33870704986A5164F9A2 /* RoomListViewModel.swift in Sources */,
				40E18B91AD4DE99B3B3182DC /* TimelineViewModel.swift in Sources */,
				37C8559C91F53BEE0A4AF1C7 /* TrixAPNsCoordinator.swift in Sources */,
				C759B5D61F1E46AE3EF13612 /* TrixAppModel.swift in Sources */,
				50709700EAEC4A4FD3F35F7D /* TrixAsyncOperationGate.swift in Sources */,
				08DA96A0F1D106E83D7C1948 /* TrixCallAudioLevelRegistry.swift in Sources */,
				32F91A6BB53915F3B4029635 /* TrixCallModels.swift in Sources */,
				1EE3718AA4AABA1EA0A4BB22 /* TrixCallServices.swift in Sources */,
				7096DCAA29A3C7C8E94F8B70 /* TrixCallSurfaceViews.swift in Sources */,
				E2188B4431C52FFB67E0ED8B /* TrixCallVideoStageView.swift in Sources */,
				C9F9EB8155DE3ACB6E18485D /* TrixCallViewModel.swift in Sources */,
				C5CF66A5F802952DBBF72685 /* TrixClientConfiguration.swift in Sources */,
				83864857F2C18DB0B27722B2 /* TrixFeatureFlags.swift in Sources */,
				0171CF30C94747FC00C27217 /* TrixForegroundCallRinger.swift in Sources */,
				7A8871B061CDDC98E74606F9 /* TrixGroupControlPlaneService.swift in Sources */,
				7D85CCEF802178C7561426E1 /* TrixGroupMembersView.swift in Sources */,
				F58ACD874ECEDCFDFD4CBE82 /* TrixGroupRoomCacheStore.swift in Sources */,
				33F1238EFAB601B751155EBF /* TrixInlineAttachmentPreview.swift in Sources */,
				EBF3BCA0A5E868E1D6BCCDAD /* TrixInviteIssueView.swift in Sources */,
				1875889B19461B729CEC4927 /* TrixInviteRegistrationService.swift in Sources */,
				807A17F604336D66B054C512 /* TrixLimitationsView.swift in Sources */,
				36C4E9F3E35112A335A25FB4 /* TrixLocalProfileConfiguration.swift in Sources */,
				FA3F50BDA5FE5D2C7FD89DFF /* TrixLoginView.swift in Sources */,
				9E68BD9AC8AC6A8939801C42 /* TrixMediaCacheSettingsView.swift in Sources */,
				0B6F99DD6D2C5A49337287EA /* TrixMediaCacheStore.swift in Sources */,
				7237DC2D59EBADBA1D775E58 /* TrixModels.swift in Sources */,
				CC3ED96142CA73D1EBE3A737 /* TrixNewRoomView.swift in Sources */,
				9CF86CCF23BF9B4B7989489F /* TrixOMEMOStore.swift in Sources */,
				436450064F21706C9F6A75ED /* TrixPasswordChangeView.swift in Sources */,
				1AF7B6243DD09B709393BA4E /* TrixPasteboard.swift in Sources */,
				C58E76863856379CEB1D3222 /* TrixProfileSettingsView.swift in Sources */,
				795F0AD58A17E90E4D5109B2 /* TrixProfileViewModel.swift in Sources */,
				243EF5BA671A98313E711BA0 /* TrixRoomListView.swift in Sources */,
				1E4825714849C6299798B913 /* TrixRoomNotificationPlanner.swift in Sources */,
				0CB4C27764111009AF1A4973 /* TrixRoomNotificationProfileStore.swift in Sources */,
				7F7FAB7503B931E6D188545F /* TrixRoomSearchView.swift in Sources */,
				8BB219AB2BDA97EBEBD0A136 /* TrixRoomSummaryCacheStore.swift in Sources */,
				7A4CED4537F4D2C5231A02E7 /* TrixRootView.swift in Sources */,
				964BC80E4B99470A6D6A6060 /* TrixServiceProtocols.swift in Sources */,
				19E413F7C05FB1DE94EC5076 /* TrixStickerImportService.swift in Sources */,
				553B4C7A432FECC37A2768F3 /* TrixStickerLibraryStore.swift in Sources */,
				59E30FC7B539EF6E0F1DD295 /* TrixTimelineCacheStore.swift in Sources */,
				2BE3AB5258AC97A330B5C78B /* TrixTimelineView.swift in Sources */,
				D2BB6E218817598EEEFAD659 /* TrixUIPrimitives.swift in Sources */,
				86DE06F00D3EEF89A9087A6C /* TrixUserDirectoryPickerView.swift in Sources */,
				2E096CB7AF402E547D5F3F6E /* TrixUserDirectorySearchViewModel.swift in Sources */,
				29401990057E982A5A30EEA0 /* TrixUserIdentity.swift in Sources */,
				E466A41461818BDC1F5264E0 /* TrixVisualDeviceVerificationView.swift in Sources */,
				9557F99D3D1BCF4D6C889025 /* TrixVoIPPushCoordinator.swift in Sources */,
				3BF75C861C2BC8B284501873 /* TrixiOSApp.swift in Sources */,
				35C37A10D87E07180BA6F545 /* TrixiOSAppDelegate.swift in Sources */,
				23B642ECEC77A35A182C1774 /* XMPPLiveSmokeRunner.swift in Sources */,
				F3F274998D0C678FF257685F /* XMPPMartinService.swift in Sources */,
			);
			runOnlyForDeploymentPostprocessing = 0;
		};
		6ACC351F5DF68BD598165F1B /* Sources */ = {
			isa = PBXSourcesBuildPhase;
			buildActionMask = 2147483647;
			files = (
				9FC1867BEB447217B3C94D40 /* DeviceVerificationTests.swift in Sources */,
				36F68B1757EAECDC591791E4 /* MockTrixServiceGroupLeaveTests.swift in Sources */,
				2C864C141108F66ABE20BA07 /* RoomListViewModelTests.swift in Sources */,
				6D57E5D1FCB8F27CE604807D /* TimelineViewModelTests.swift in Sources */,
				A693C70D9209B1B0562E0585 /* TrixAsyncOperationGateTests.swift in Sources */,
				C9E2327848E3A5984D7E59EA /* TrixCallTests.swift in Sources */,
				F5B4F7E895C61C8E58E389BE /* TrixFeatureFlagTests.swift in Sources */,
				A3D50C95ED357D9BA4392032 /* TrixGroupLeaveOperationTests.swift in Sources */,
				A1DBA354D126E63ED5EB04F6 /* TrixGroupMemberRefreshTests.swift in Sources */,
				87E5890B64EEAC1CDDD7D6F5 /* TrixLocalProfileConfigurationTests.swift in Sources */,
				3FCE75B11ED2806E64AB920E /* TrixMUCNicknameTests.swift in Sources */,
				ABC0CF7E53A612FCE6EC9099 /* TrixMediaCacheTests.swift in Sources */,
				D1020333366101FD28A6BC76 /* TrixRemoteNotificationPayloadTests.swift in Sources */,
				FD0EC43DBFF61699A9B02DF9 /* TrixRoomNotificationProfileTests.swift in Sources */,
				CFD02B00A99A6EB28089E5A7 /* TrixStickerTests.swift in Sources */,
				5946BBF04ED28E97C7154E86 /* TrixUserIdentityTests.swift in Sources */,
			);
			runOnlyForDeploymentPostprocessing = 0;
		};
/* End PBXSourcesBuildPhase section */

/* Begin PBXTargetDependency section */
		D365806BDF3300B19A2BDFF8 /* PBXTargetDependency */ = {
			isa = PBXTargetDependency;
			target = F80150C1565CC5EBAFD2BBA8 /* TrixMatrixMac */;
			targetProxy = 5B2BF80ECC7098216436BAAA /* PBXContainerItemProxy */;
		};
/* End PBXTargetDependency section */

/* Begin XCBuildConfiguration section */
		0ECCBEA8B025C93CF9DFF068 /* Release */ = {
			isa = XCBuildConfiguration;
			buildSettings = {
				ASSETCATALOG_COMPILER_APPICON_NAME = AppIcon;
				CODE_SIGN_STYLE = Automatic;
				COMBINE_HIDPI_IMAGES = YES;
				DEVELOPMENT_TEAM = HGY33KYKQ2;
				INFOPLIST_FILE = Sources/Admin/Info.plist;
				LD_RUNPATH_SEARCH_PATHS = (
					"$(inherited)",
					"@executable_path/../Frameworks",
				);
				MACOSX_DEPLOYMENT_TARGET = 14.0;
				PRODUCT_BUNDLE_IDENTIFIER = com.softgrid.trix.admin;
				PRODUCT_NAME = "Trix Admin";
				SDKROOT = macosx;
			};
			name = Release;
		};
		26AAA4643A954762B28ACB83 /* Debug */ = {
			isa = XCBuildConfiguration;
			buildSettings = {
				ALWAYS_SEARCH_USER_PATHS = NO;
				CLANG_ANALYZER_NONNULL = YES;
				CLANG_ANALYZER_NUMBER_OBJECT_CONVERSION = YES_AGGRESSIVE;
				CLANG_CXX_LANGUAGE_STANDARD = "gnu++14";
				CLANG_CXX_LIBRARY = "libc++";
				CLANG_ENABLE_MODULES = YES;
				CLANG_ENABLE_OBJC_ARC = YES;
				CLANG_ENABLE_OBJC_WEAK = YES;
				CLANG_WARN_BLOCK_CAPTURE_AUTORELEASING = YES;
				CLANG_WARN_BOOL_CONVERSION = YES;
				CLANG_WARN_COMMA = YES;
				CLANG_WARN_CONSTANT_CONVERSION = YES;
				CLANG_WARN_DEPRECATED_OBJC_IMPLEMENTATIONS = YES;
				CLANG_WARN_DIRECT_OBJC_ISA_USAGE = YES_ERROR;
				CLANG_WARN_DOCUMENTATION_COMMENTS = YES;
				CLANG_WARN_EMPTY_BODY = YES;
				CLANG_WARN_ENUM_CONVERSION = YES;
				CLANG_WARN_INFINITE_RECURSION = YES;
				CLANG_WARN_INT_CONVERSION = YES;
				CLANG_WARN_NON_LITERAL_NULL_CONVERSION = YES;
				CLANG_WARN_OBJC_IMPLICIT_RETAIN_SELF = YES;
				CLANG_WARN_OBJC_LITERAL_CONVERSION = YES;
				CLANG_WARN_OBJC_ROOT_CLASS = YES_ERROR;
				CLANG_WARN_QUOTED_INCLUDE_IN_FRAMEWORK_HEADER = YES;
				CLANG_WARN_RANGE_LOOP_ANALYSIS = YES;
				CLANG_WARN_STRICT_PROTOTYPES = YES;
				CLANG_WARN_SUSPICIOUS_MOVE = YES;
				CLANG_WARN_UNGUARDED_AVAILABILITY = YES_AGGRESSIVE;
				CLANG_WARN_UNREACHABLE_CODE = YES;
				CLANG_WARN__DUPLICATE_METHOD_MATCH = YES;
				COPY_PHASE_STRIP = NO;
				CURRENT_PROJECT_VERSION = 1;
				DEBUG_INFORMATION_FORMAT = dwarf;
				ENABLE_STRICT_OBJC_MSGSEND = YES;
				ENABLE_TESTABILITY = YES;
				GCC_C_LANGUAGE_STANDARD = gnu11;
				GCC_DYNAMIC_NO_PIC = NO;
				GCC_NO_COMMON_BLOCKS = YES;
				GCC_OPTIMIZATION_LEVEL = 0;
				GCC_PREPROCESSOR_DEFINITIONS = (
					"$(inherited)",
					"DEBUG=1",
				);
				GCC_WARN_64_TO_32_BIT_CONVERSION = YES;
				GCC_WARN_ABOUT_RETURN_TYPE = YES_ERROR;
				GCC_WARN_UNDECLARED_SELECTOR = YES;
				GCC_WARN_UNINITIALIZED_AUTOS = YES_AGGRESSIVE;
				GCC_WARN_UNUSED_FUNCTION = YES;
				GCC_WARN_UNUSED_VARIABLE = YES;
				IPHONEOS_DEPLOYMENT_TARGET = 17.0;
				MACOSX_DEPLOYMENT_TARGET = 14.0;
				MARKETING_VERSION = 0.2.9;
				MTL_ENABLE_DEBUG_INFO = INCLUDE_SOURCE;
				MTL_FAST_MATH = YES;
				ONLY_ACTIVE_ARCH = YES;
				PRODUCT_NAME = "$(TARGET_NAME)";
				SWIFT_ACTIVE_COMPILATION_CONDITIONS = DEBUG;
				SWIFT_OPTIMIZATION_LEVEL = "-Onone";
				SWIFT_VERSION = 6.0;
			};
			name = Debug;
		};
		45F099C27C9AAC1BA3098098 /* Release */ = {
			isa = XCBuildConfiguration;
			buildSettings = {
				ALWAYS_SEARCH_USER_PATHS = NO;
				CLANG_ANALYZER_NONNULL = YES;
				CLANG_ANALYZER_NUMBER_OBJECT_CONVERSION = YES_AGGRESSIVE;
				CLANG_CXX_LANGUAGE_STANDARD = "gnu++14";
				CLANG_CXX_LIBRARY = "libc++";
				CLANG_ENABLE_MODULES = YES;
				CLANG_ENABLE_OBJC_ARC = YES;
				CLANG_ENABLE_OBJC_WEAK = YES;
				CLANG_WARN_BLOCK_CAPTURE_AUTORELEASING = YES;
				CLANG_WARN_BOOL_CONVERSION = YES;
				CLANG_WARN_COMMA = YES;
				CLANG_WARN_CONSTANT_CONVERSION = YES;
				CLANG_WARN_DEPRECATED_OBJC_IMPLEMENTATIONS = YES;
				CLANG_WARN_DIRECT_OBJC_ISA_USAGE = YES_ERROR;
				CLANG_WARN_DOCUMENTATION_COMMENTS = YES;
				CLANG_WARN_EMPTY_BODY = YES;
				CLANG_WARN_ENUM_CONVERSION = YES;
				CLANG_WARN_INFINITE_RECURSION = YES;
				CLANG_WARN_INT_CONVERSION = YES;
				CLANG_WARN_NON_LITERAL_NULL_CONVERSION = YES;
				CLANG_WARN_OBJC_IMPLICIT_RETAIN_SELF = YES;
				CLANG_WARN_OBJC_LITERAL_CONVERSION = YES;
				CLANG_WARN_OBJC_ROOT_CLASS = YES_ERROR;
				CLANG_WARN_QUOTED_INCLUDE_IN_FRAMEWORK_HEADER = YES;
				CLANG_WARN_RANGE_LOOP_ANALYSIS = YES;
				CLANG_WARN_STRICT_PROTOTYPES = YES;
				CLANG_WARN_SUSPICIOUS_MOVE = YES;
				CLANG_WARN_UNGUARDED_AVAILABILITY = YES_AGGRESSIVE;
				CLANG_WARN_UNREACHABLE_CODE = YES;
				CLANG_WARN__DUPLICATE_METHOD_MATCH = YES;
				COPY_PHASE_STRIP = NO;
				CURRENT_PROJECT_VERSION = 1;
				DEBUG_INFORMATION_FORMAT = "dwarf-with-dsym";
				ENABLE_NS_ASSERTIONS = NO;
				ENABLE_STRICT_OBJC_MSGSEND = YES;
				GCC_C_LANGUAGE_STANDARD = gnu11;
				GCC_NO_COMMON_BLOCKS = YES;
				GCC_WARN_64_TO_32_BIT_CONVERSION = YES;
				GCC_WARN_ABOUT_RETURN_TYPE = YES_ERROR;
				GCC_WARN_UNDECLARED_SELECTOR = YES;
				GCC_WARN_UNINITIALIZED_AUTOS = YES_AGGRESSIVE;
				GCC_WARN_UNUSED_FUNCTION = YES;
				GCC_WARN_UNUSED_VARIABLE = YES;
				IPHONEOS_DEPLOYMENT_TARGET = 17.0;
				MACOSX_DEPLOYMENT_TARGET = 14.0;
				MARKETING_VERSION = 0.2.9;
				MTL_ENABLE_DEBUG_INFO = NO;
				MTL_FAST_MATH = YES;
				PRODUCT_NAME = "$(TARGET_NAME)";
				SWIFT_COMPILATION_MODE = wholemodule;
				SWIFT_OPTIMIZATION_LEVEL = "-O";
				SWIFT_VERSION = 6.0;
			};
			name = Release;
		};
		63BBB84BDCFBC0CED6AC9AA0 /* Debug */ = {
			isa = XCBuildConfiguration;
			buildSettings = {
				ASSETCATALOG_COMPILER_APPICON_NAME = AppIcon;
				CODE_SIGN_STYLE = Automatic;
				COMBINE_HIDPI_IMAGES = YES;
				DEVELOPMENT_TEAM = HGY33KYKQ2;
				INFOPLIST_FILE = Sources/Admin/Info.plist;
				LD_RUNPATH_SEARCH_PATHS = (
					"$(inherited)",
					"@executable_path/../Frameworks",
				);
				MACOSX_DEPLOYMENT_TARGET = 14.0;
				PRODUCT_BUNDLE_IDENTIFIER = com.softgrid.trix.admin;
				PRODUCT_NAME = "Trix Admin";
				SDKROOT = macosx;
			};
			name = Debug;
		};
		908BFA39998A9BA419BABA62 /* Release */ = {
			isa = XCBuildConfiguration;
			buildSettings = {
				ASSETCATALOG_COMPILER_APPICON_NAME = AppIcon;
				CODE_SIGN_ENTITLEMENTS = TrixiOS.entitlements;
				CODE_SIGN_IDENTITY = "iPhone Developer";
				CODE_SIGN_STYLE = Automatic;
				DEVELOPMENT_TEAM = HGY33KYKQ2;
				INFOPLIST_FILE = Sources/iOS/Info.plist;
				IPHONEOS_DEPLOYMENT_TARGET = 17.0;
				LD_RUNPATH_SEARCH_PATHS = (
					"$(inherited)",
					"@executable_path/Frameworks",
				);
				PRODUCT_BUNDLE_IDENTIFIER = com.softgrid.trixapp;
				PRODUCT_NAME = Trix;
				SDKROOT = iphoneos;
				TARGETED_DEVICE_FAMILY = "1,2";
				TRIX_APNS_ENTITLEMENT_ENVIRONMENT = production;
			};
			name = Release;
		};
		B1CFE7ABC02EE96AD586016A /* Release */ = {
			isa = XCBuildConfiguration;
			buildSettings = {
				BUNDLE_LOADER = "$(TEST_HOST)";
				COMBINE_HIDPI_IMAGES = YES;
				LD_RUNPATH_SEARCH_PATHS = (
					"$(inherited)",
					"@executable_path/../Frameworks",
					"@loader_path/../Frameworks",
				);
				MACOSX_DEPLOYMENT_TARGET = 14.0;
				PRODUCT_BUNDLE_IDENTIFIER = com.softgrid.trixapp.tests;
				SDKROOT = macosx;
				TEST_HOST = "$(BUILT_PRODUCTS_DIR)/Trix.app/Contents/MacOS/Trix";
			};
			name = Release;
		};
		B5AF39E02DF83BF0576596FE /* Debug */ = {
			isa = XCBuildConfiguration;
			buildSettings = {
				BUNDLE_LOADER = "$(TEST_HOST)";
				COMBINE_HIDPI_IMAGES = YES;
				LD_RUNPATH_SEARCH_PATHS = (
					"$(inherited)",
					"@executable_path/../Frameworks",
					"@loader_path/../Frameworks",
				);
				MACOSX_DEPLOYMENT_TARGET = 14.0;
				PRODUCT_BUNDLE_IDENTIFIER = com.softgrid.trixapp.tests;
				SDKROOT = macosx;
				TEST_HOST = "$(BUILT_PRODUCTS_DIR)/Trix.app/Contents/MacOS/Trix";
			};
			name = Debug;
		};
		B9901A57C0A57E00030AEF71 /* Debug */ = {
			isa = XCBuildConfiguration;
			buildSettings = {
				ASSETCATALOG_COMPILER_APPICON_NAME = AppIcon;
				CODE_SIGN_ENTITLEMENTS = TrixiOS.entitlements;
				CODE_SIGN_IDENTITY = "iPhone Developer";
				CODE_SIGN_STYLE = Automatic;
				DEVELOPMENT_TEAM = HGY33KYKQ2;
				INFOPLIST_FILE = Sources/iOS/Info.plist;
				IPHONEOS_DEPLOYMENT_TARGET = 17.0;
				LD_RUNPATH_SEARCH_PATHS = (
					"$(inherited)",
					"@executable_path/Frameworks",
				);
				PRODUCT_BUNDLE_IDENTIFIER = com.softgrid.trixapp;
				PRODUCT_NAME = Trix;
				SDKROOT = iphoneos;
				TARGETED_DEVICE_FAMILY = "1,2";
				TRIX_APNS_ENTITLEMENT_ENVIRONMENT = development;
			};
			name = Debug;
		};
		C3FED80EDAB145A54AC7B489 /* Release */ = {
			isa = XCBuildConfiguration;
			buildSettings = {
				ASSETCATALOG_COMPILER_APPICON_NAME = AppIcon;
				CODE_SIGN_ENTITLEMENTS = TrixMac.entitlements;
				CODE_SIGN_STYLE = Automatic;
				COMBINE_HIDPI_IMAGES = YES;
				DEVELOPMENT_TEAM = HGY33KYKQ2;
				INFOPLIST_FILE = Sources/macOS/Info.plist;
				LD_RUNPATH_SEARCH_PATHS = (
					"$(inherited)",
					"@executable_path/../Frameworks",
				);
				MACOSX_DEPLOYMENT_TARGET = 14.0;
				PRODUCT_BUNDLE_IDENTIFIER = com.softgrid.trixapp;
				PRODUCT_NAME = Trix;
				SDKROOT = macosx;
				TRIX_APNS_ENTITLEMENT_ENVIRONMENT = production;
			};
			name = Release;
		};
		CD76E3B5A89975791929099F /* Debug */ = {
			isa = XCBuildConfiguration;
			buildSettings = {
				ASSETCATALOG_COMPILER_APPICON_NAME = AppIcon;
				CODE_SIGN_ENTITLEMENTS = TrixMac.entitlements;
				CODE_SIGN_STYLE = Automatic;
				COMBINE_HIDPI_IMAGES = YES;
				DEVELOPMENT_TEAM = HGY33KYKQ2;
				INFOPLIST_FILE = Sources/macOS/Info.plist;
				LD_RUNPATH_SEARCH_PATHS = (
					"$(inherited)",
					"@executable_path/../Frameworks",
				);
				MACOSX_DEPLOYMENT_TARGET = 14.0;
				PRODUCT_BUNDLE_IDENTIFIER = com.softgrid.trixapp;
				PRODUCT_NAME = Trix;
				SDKROOT = macosx;
				TRIX_APNS_ENTITLEMENT_ENVIRONMENT = development;
			};
			name = Debug;
		};
/* End XCBuildConfiguration section */

/* Begin XCConfigurationList section */
		08A261F21E09604E0CBA19CE /* Build configuration list for PBXNativeTarget "TrixMatrixMac" */ = {
			isa = XCConfigurationList;
			buildConfigurations = (
				CD76E3B5A89975791929099F /* Debug */,
				C3FED80EDAB145A54AC7B489 /* Release */,
			);
			defaultConfigurationIsVisible = 0;
			defaultConfigurationName = Debug;
		};
		26F4A14AB66F259065D8BA44 /* Build configuration list for PBXNativeTarget "TrixMatrixiOS" */ = {
			isa = XCConfigurationList;
			buildConfigurations = (
				B9901A57C0A57E00030AEF71 /* Debug */,
				908BFA39998A9BA419BABA62 /* Release */,
			);
			defaultConfigurationIsVisible = 0;
			defaultConfigurationName = Debug;
		};
		61FA2A77715A426355B00A89 /* Build configuration list for PBXNativeTarget "TrixMatrixMacTests" */ = {
			isa = XCConfigurationList;
			buildConfigurations = (
				B5AF39E02DF83BF0576596FE /* Debug */,
				B1CFE7ABC02EE96AD586016A /* Release */,
			);
			defaultConfigurationIsVisible = 0;
			defaultConfigurationName = Debug;
		};
		6FE070F481D0D9825B63C260 /* Build configuration list for PBXProject "TrixMatrix" */ = {
			isa = XCConfigurationList;
			buildConfigurations = (
				26AAA4643A954762B28ACB83 /* Debug */,
				45F099C27C9AAC1BA3098098 /* Release */,
			);
			defaultConfigurationIsVisible = 0;
			defaultConfigurationName = Debug;
		};
		EBCB843E5529406431201C59 /* Build configuration list for PBXNativeTarget "TrixAdminMac" */ = {
			isa = XCConfigurationList;
			buildConfigurations = (
				63BBB84BDCFBC0CED6AC9AA0 /* Debug */,
				0ECCBEA8B025C93CF9DFF068 /* Release */,
			);
			defaultConfigurationIsVisible = 0;
			defaultConfigurationName = Debug;
		};
/* End XCConfigurationList section */

/* Begin XCRemoteSwiftPackageReference section */
		1089CF65FF55602059AC9BE6 /* XCRemoteSwiftPackageReference "Martin" */ = {
			isa = XCRemoteSwiftPackageReference;
			repositoryURL = "https://github.com/tigase/Martin";
			requirement = {
				kind = exactVersion;
				version = 3.2.4;
			};
		};
		1CAAABECCC18B71A7A213F54 /* XCRemoteSwiftPackageReference "MartinOMEMO" */ = {
			isa = XCRemoteSwiftPackageReference;
			repositoryURL = "https://github.com/tigase/MartinOMEMO";
			requirement = {
				kind = exactVersion;
				version = 2.2.3;
			};
		};
		C0461572C03B1A63838543D1 /* XCRemoteSwiftPackageReference "client-sdk-swift" */ = {
			isa = XCRemoteSwiftPackageReference;
			repositoryURL = "https://github.com/livekit/client-sdk-swift.git";
			requirement = {
				kind = exactVersion;
				version = 2.9.0;
			};
		};
/* End XCRemoteSwiftPackageReference section */

/* Begin XCSwiftPackageProductDependency section */
		7A3A6E658B55B3B6F8C2F52D /* LiveKit */ = {
			isa = XCSwiftPackageProductDependency;
			package = C0461572C03B1A63838543D1 /* XCRemoteSwiftPackageReference "client-sdk-swift" */;
			productName = LiveKit;
		};
		7BF98DD511834ED334A9B210 /* MartinOMEMO */ = {
			isa = XCSwiftPackageProductDependency;
			package = 1CAAABECCC18B71A7A213F54 /* XCRemoteSwiftPackageReference "MartinOMEMO" */;
			productName = MartinOMEMO;
		};
		A2688357F9AFCAC4CD829C06 /* Martin */ = {
			isa = XCSwiftPackageProductDependency;
			package = 1089CF65FF55602059AC9BE6 /* XCRemoteSwiftPackageReference "Martin" */;
			productName = Martin;
		};
		AF0FA74A744B2E98E20D8738 /* Martin */ = {
			isa = XCSwiftPackageProductDependency;
			package = 1089CF65FF55602059AC9BE6 /* XCRemoteSwiftPackageReference "Martin" */;
			productName = Martin;
		};
		B22FCF2CE382CA108F3819AD /* LiveKit */ = {
			isa = XCSwiftPackageProductDependency;
			package = C0461572C03B1A63838543D1 /* XCRemoteSwiftPackageReference "client-sdk-swift" */;
			productName = LiveKit;
		};
		E747E1A70FF2F8B54BE3EA20 /* MartinOMEMO */ = {
			isa = XCSwiftPackageProductDependency;
			package = 1CAAABECCC18B71A7A213F54 /* XCRemoteSwiftPackageReference "MartinOMEMO" */;
			productName = MartinOMEMO;
		};
/* End XCSwiftPackageProductDependency section */
	};
	rootObject = C42489216D0F0EFFD398C791 /* Project object */;
}
