// !$*UTF8*$!
{
	archiveVersion = 1;
	classes = {
	};
	objectVersion = 77;
	objects = {

/* Begin PBXBuildFile section */
		018963E0097AF7D5ADFE41C1 /* MartinOMEMO in Frameworks */ = {isa = PBXBuildFile; productRef = E747E1A70FF2F8B54BE3EA20 /* MartinOMEMO */; };
		01DD84A806E5A3D66513361E /* TimelineViewModel.swift in Sources */ = {isa = PBXBuildFile; fileRef = EEB0655E233DAB56B8623281 /* TimelineViewModel.swift */; };
		077FB19BBBC2DE5F19B935E5 /* TrixProfileSettingsView.swift in Sources */ = {isa = PBXBuildFile; fileRef = A9CD022B1BE00F3C65E90173 /* TrixProfileSettingsView.swift */; };
		0D25056FBC20F3C2B348AB50 /* TrixLoginView.swift in Sources */ = {isa = PBXBuildFile; fileRef = 1ACD907EF405BB7A2E6AB546 /* TrixLoginView.swift */; };
		0DEB71252D8479D650CCAE84 /* TrixUIPrimitives.swift in Sources */ = {isa = PBXBuildFile; fileRef = EE82DADDEFD49DFCE533A797 /* TrixUIPrimitives.swift */; };
		0F23C155C71D7754956BE775 /* TrixPasteboard.swift in Sources */ = {isa = PBXBuildFile; fileRef = 2B266E20A0FA583A11BEEB89 /* TrixPasteboard.swift */; };
		1AACA3ED2E1565E804CDEF34 /* TrixAppModel.swift in Sources */ = {isa = PBXBuildFile; fileRef = 056CC95719A07BAA289FCB0E /* TrixAppModel.swift */; };
		1AF7B6243DD09B709393BA4E /* TrixPasteboard.swift in Sources */ = {isa = PBXBuildFile; fileRef = 2B266E20A0FA583A11BEEB89 /* TrixPasteboard.swift */; };
		23B642ECEC77A35A182C1774 /* XMPPLiveSmokeRunner.swift in Sources */ = {isa = PBXBuildFile; fileRef = 61B76AE4B7FE38684FD69E3F /* XMPPLiveSmokeRunner.swift */; };
		243EF5BA671A98313E711BA0 /* TrixRoomListView.swift in Sources */ = {isa = PBXBuildFile; fileRef = 5A160B4F983AE22D5C8286DA /* TrixRoomListView.swift */; };
		2BE3AB5258AC97A330B5C78B /* TrixTimelineView.swift in Sources */ = {isa = PBXBuildFile; fileRef = ABC8B3AFF8B256AD64163ED3 /* TrixTimelineView.swift */; };
		2C3610063B8F38A9B73F8D6D /* TrixNewRoomView.swift in Sources */ = {isa = PBXBuildFile; fileRef = 4CB7E28D9BE26DFDDF515848 /* TrixNewRoomView.swift */; };
		2E096CB7AF402E547D5F3F6E /* TrixUserDirectorySearchViewModel.swift in Sources */ = {isa = PBXBuildFile; fileRef = 43722B0DE18EF6D1CA3D68AE /* TrixUserDirectorySearchViewModel.swift */; };
		2E8181505E263CC7A7991096 /* TrixRootView.swift in Sources */ = {isa = PBXBuildFile; fileRef = A2B35075275B150F3A4E508B /* TrixRootView.swift */; };
		34553562AB89EF56C3ECFD76 /* TrixTimelineCacheStore.swift in Sources */ = {isa = PBXBuildFile; fileRef = 5360313E1D5D743FBD43BF62 /* TrixTimelineCacheStore.swift */; };
		35C37A10D87E07180BA6F545 /* TrixiOSAppDelegate.swift in Sources */ = {isa = PBXBuildFile; fileRef = EDAB7547FCC71382F1D4B836 /* TrixiOSAppDelegate.swift */; };
		37C8559C91F53BEE0A4AF1C7 /* TrixAPNsCoordinator.swift in Sources */ = {isa = PBXBuildFile; fileRef = F121190716DA6556A98C18CE /* TrixAPNsCoordinator.swift */; };
		3BF75C861C2BC8B284501873 /* TrixiOSApp.swift in Sources */ = {isa = PBXBuildFile; fileRef = 847B59FABE7AF1544B501953 /* TrixiOSApp.swift */; };
		4045AFBF57F71D0CBDA102AE /* DeviceVerificationViewModel.swift in Sources */ = {isa = PBXBuildFile; fileRef = A728389B09D31A93D5D10AF3 /* DeviceVerificationViewModel.swift */; };
		40E18B91AD4DE99B3B3182DC /* TimelineViewModel.swift in Sources */ = {isa = PBXBuildFile; fileRef = EEB0655E233DAB56B8623281 /* TimelineViewModel.swift */; };
		480977EBF4C8E5F36F8E6B5A /* TrixMacApp.swift in Sources */ = {isa = PBXBuildFile; fileRef = 88E0868B3BC38FDA64FD0EFF /* TrixMacApp.swift */; };
		4C45D6C2B54517DB3154AEE9 /* KeychainTrixSessionStore.swift in Sources */ = {isa = PBXBuildFile; fileRef = 982CA9963B78FB1D985AB7DD /* KeychainTrixSessionStore.swift */; };
		537309E828290708DF967EEB /* Martin in Frameworks */ = {isa = PBXBuildFile; productRef = A2688357F9AFCAC4CD829C06 /* Martin */; };
		59E30FC7B539EF6E0F1DD295 /* TrixTimelineCacheStore.swift in Sources */ = {isa = PBXBuildFile; fileRef = 5360313E1D5D743FBD43BF62 /* TrixTimelineCacheStore.swift */; };
		5BCD889F6C600AFC151E706F /* MartinOMEMO in Frameworks */ = {isa = PBXBuildFile; productRef = 7BF98DD511834ED334A9B210 /* MartinOMEMO */; };
		67CC33870704986A5164F9A2 /* RoomListViewModel.swift in Sources */ = {isa = PBXBuildFile; fileRef = 8CB4DE535EF97BB0D0B809CB /* RoomListViewModel.swift */; };
		7237DC2D59EBADBA1D775E58 /* TrixModels.swift in Sources */ = {isa = PBXBuildFile; fileRef = E9F6EEF889A5560D0EDF1503 /* TrixModels.swift */; };
		795F0AD58A17E90E4D5109B2 /* TrixProfileViewModel.swift in Sources */ = {isa = PBXBuildFile; fileRef = B64629B678C5260EB80FFD28 /* TrixProfileViewModel.swift */; };
		7A4CED4537F4D2C5231A02E7 /* TrixRootView.swift in Sources */ = {isa = PBXBuildFile; fileRef = A2B35075275B150F3A4E508B /* TrixRootView.swift */; };
		7D85CCEF802178C7561426E1 /* TrixGroupMembersView.swift in Sources */ = {isa = PBXBuildFile; fileRef = 218F41815711F48C162BEE1D /* TrixGroupMembersView.swift */; };
		7ED782FC48806771BC21375B /* TrixMacAppDelegate.swift in Sources */ = {isa = PBXBuildFile; fileRef = A406E30E28EA61CB8EFF1247 /* TrixMacAppDelegate.swift */; };
		807543063C7A8EC6639E1D70 /* Martin in Frameworks */ = {isa = PBXBuildFile; productRef = AF0FA74A744B2E98E20D8738 /* Martin */; };
		807A17F604336D66B054C512 /* TrixLimitationsView.swift in Sources */ = {isa = PBXBuildFile; fileRef = 4219A1C95F0801F8E69645E1 /* TrixLimitationsView.swift */; };
		86DE06F00D3EEF89A9087A6C /* TrixUserDirectoryPickerView.swift in Sources */ = {isa = PBXBuildFile; fileRef = 0DB3F0532BD6141816D4BA22 /* TrixUserDirectoryPickerView.swift */; };
		86F51D72617511B1F9899F66 /* TrixGroupRoomCacheStore.swift in Sources */ = {isa = PBXBuildFile; fileRef = A6CDAECFDAFCD702E0D47C71 /* TrixGroupRoomCacheStore.swift */; };
		8C6169B957900216C4377471 /* RoomListViewModel.swift in Sources */ = {isa = PBXBuildFile; fileRef = 8CB4DE535EF97BB0D0B809CB /* RoomListViewModel.swift */; };
		907B1EA79B4C0EF1F64763FD /* XMPPMartinService.swift in Sources */ = {isa = PBXBuildFile; fileRef = 521137CC0E9C946883248810 /* XMPPMartinService.swift */; };
		921F0FC41786273D87813408 /* TrixUserDirectoryPickerView.swift in Sources */ = {isa = PBXBuildFile; fileRef = 0DB3F0532BD6141816D4BA22 /* TrixUserDirectoryPickerView.swift */; };
		964BC80E4B99470A6D6A6060 /* TrixServiceProtocols.swift in Sources */ = {isa = PBXBuildFile; fileRef = 626D2464543C7ED82085CD5B /* TrixServiceProtocols.swift */; };
		9A4D2A750B168D3918B0D5CE /* KeychainTrixSessionStore.swift in Sources */ = {isa = PBXBuildFile; fileRef = 982CA9963B78FB1D985AB7DD /* KeychainTrixSessionStore.swift */; };
		9BFD15A4B9F06A6A420114FC /* TrixMacRootView.swift in Sources */ = {isa = PBXBuildFile; fileRef = 8D29523C8CB988A1531D1D8E /* TrixMacRootView.swift */; };
		9CF86CCF23BF9B4B7989489F /* TrixOMEMOStore.swift in Sources */ = {isa = PBXBuildFile; fileRef = C3B9CAC73BB4D740C2F79B3D /* TrixOMEMOStore.swift */; };
		9D22B50ED6B047D13287B71A /* MockTrixService.swift in Sources */ = {isa = PBXBuildFile; fileRef = 237D942B565A8A2F8001AAEF /* MockTrixService.swift */; };
		A255F6AA8373944E3861E59F /* MockTrixService.swift in Sources */ = {isa = PBXBuildFile; fileRef = 237D942B565A8A2F8001AAEF /* MockTrixService.swift */; };
		A9CCBF62507C1B789E7B4D12 /* XMPPLiveSmokeRunner.swift in Sources */ = {isa = PBXBuildFile; fileRef = 61B76AE4B7FE38684FD69E3F /* XMPPLiveSmokeRunner.swift */; };
		B12D38D695C0CC7E8A1D0889 /* TrixRoomListView.swift in Sources */ = {isa = PBXBuildFile; fileRef = 5A160B4F983AE22D5C8286DA /* TrixRoomListView.swift */; };
		B5C417A232F5ACC6D379926C /* TrixLimitationsView.swift in Sources */ = {isa = PBXBuildFile; fileRef = 4219A1C95F0801F8E69645E1 /* TrixLimitationsView.swift */; };
		B810FC6FE7BB3C2EB1FC3499 /* TrixUserDirectorySearchViewModel.swift in Sources */ = {isa = PBXBuildFile; fileRef = 43722B0DE18EF6D1CA3D68AE /* TrixUserDirectorySearchViewModel.swift */; };
		B87D22C877BCEABC1A6BCE4B /* TrixGroupMembersView.swift in Sources */ = {isa = PBXBuildFile; fileRef = 218F41815711F48C162BEE1D /* TrixGroupMembersView.swift */; };
		C58E76863856379CEB1D3222 /* TrixProfileSettingsView.swift in Sources */ = {isa = PBXBuildFile; fileRef = A9CD022B1BE00F3C65E90173 /* TrixProfileSettingsView.swift */; };
		C5CF66A5F802952DBBF72685 /* TrixClientConfiguration.swift in Sources */ = {isa = PBXBuildFile; fileRef = 67180EC5D24D5F68AF4BF21D /* TrixClientConfiguration.swift */; };
		C71F99EBA41DD58DB4261084 /* TrixAPNsCoordinator.swift in Sources */ = {isa = PBXBuildFile; fileRef = F121190716DA6556A98C18CE /* TrixAPNsCoordinator.swift */; };
		C759B5D61F1E46AE3EF13612 /* TrixAppModel.swift in Sources */ = {isa = PBXBuildFile; fileRef = 056CC95719A07BAA289FCB0E /* TrixAppModel.swift */; };
		CC3ED96142CA73D1EBE3A737 /* TrixNewRoomView.swift in Sources */ = {isa = PBXBuildFile; fileRef = 4CB7E28D9BE26DFDDF515848 /* TrixNewRoomView.swift */; };
		CDF9E3EA955B8A666B9A1C57 /* TrixClientConfiguration.swift in Sources */ = {isa = PBXBuildFile; fileRef = 67180EC5D24D5F68AF4BF21D /* TrixClientConfiguration.swift */; };
		CE7C59BA16D194F84A8F1B9E /* DeviceVerificationViewModel.swift in Sources */ = {isa = PBXBuildFile; fileRef = A728389B09D31A93D5D10AF3 /* DeviceVerificationViewModel.swift */; };
		D15076EE9DE8A1252892154A /* TrixServiceProtocols.swift in Sources */ = {isa = PBXBuildFile; fileRef = 626D2464543C7ED82085CD5B /* TrixServiceProtocols.swift */; };
		D2BB6E218817598EEEFAD659 /* TrixUIPrimitives.swift in Sources */ = {isa = PBXBuildFile; fileRef = EE82DADDEFD49DFCE533A797 /* TrixUIPrimitives.swift */; };
		D3EFAE1C80717ADAF66B9804 /* TrixOMEMOStore.swift in Sources */ = {isa = PBXBuildFile; fileRef = C3B9CAC73BB4D740C2F79B3D /* TrixOMEMOStore.swift */; };
		DA5E6075232F4DB3FEF04ABD /* TrixModels.swift in Sources */ = {isa = PBXBuildFile; fileRef = E9F6EEF889A5560D0EDF1503 /* TrixModels.swift */; };
		E5EEB8D112F3D0B725FF308E /* TrixTimelineView.swift in Sources */ = {isa = PBXBuildFile; fileRef = ABC8B3AFF8B256AD64163ED3 /* TrixTimelineView.swift */; };
		F3F274998D0C678FF257685F /* XMPPMartinService.swift in Sources */ = {isa = PBXBuildFile; fileRef = 521137CC0E9C946883248810 /* XMPPMartinService.swift */; };
		F58ACD874ECEDCFDFD4CBE82 /* TrixGroupRoomCacheStore.swift in Sources */ = {isa = PBXBuildFile; fileRef = A6CDAECFDAFCD702E0D47C71 /* TrixGroupRoomCacheStore.swift */; };
		FA3F50BDA5FE5D2C7FD89DFF /* TrixLoginView.swift in Sources */ = {isa = PBXBuildFile; fileRef = 1ACD907EF405BB7A2E6AB546 /* TrixLoginView.swift */; };
		FF9932E70FC1B6D7BCE2CA2C /* TrixProfileViewModel.swift in Sources */ = {isa = PBXBuildFile; fileRef = B64629B678C5260EB80FFD28 /* TrixProfileViewModel.swift */; };
/* End PBXBuildFile section */

/* Begin PBXFileReference section */
		056CC95719A07BAA289FCB0E /* TrixAppModel.swift */ = {isa = PBXFileReference; lastKnownFileType = sourcecode.swift; path = TrixAppModel.swift; sourceTree = "<group>"; };
		0DB3F0532BD6141816D4BA22 /* TrixUserDirectoryPickerView.swift */ = {isa = PBXFileReference; lastKnownFileType = sourcecode.swift; path = TrixUserDirectoryPickerView.swift; sourceTree = "<group>"; };
		1ACD907EF405BB7A2E6AB546 /* TrixLoginView.swift */ = {isa = PBXFileReference; lastKnownFileType = sourcecode.swift; path = TrixLoginView.swift; sourceTree = "<group>"; };
		218F41815711F48C162BEE1D /* TrixGroupMembersView.swift */ = {isa = PBXFileReference; lastKnownFileType = sourcecode.swift; path = TrixGroupMembersView.swift; sourceTree = "<group>"; };
		237D942B565A8A2F8001AAEF /* MockTrixService.swift */ = {isa = PBXFileReference; lastKnownFileType = sourcecode.swift; path = MockTrixService.swift; sourceTree = "<group>"; };
		2B266E20A0FA583A11BEEB89 /* TrixPasteboard.swift */ = {isa = PBXFileReference; lastKnownFileType = sourcecode.swift; path = TrixPasteboard.swift; sourceTree = "<group>"; };
		4219A1C95F0801F8E69645E1 /* TrixLimitationsView.swift */ = {isa = PBXFileReference; lastKnownFileType = sourcecode.swift; path = TrixLimitationsView.swift; sourceTree = "<group>"; };
		43722B0DE18EF6D1CA3D68AE /* TrixUserDirectorySearchViewModel.swift */ = {isa = PBXFileReference; lastKnownFileType = sourcecode.swift; path = TrixUserDirectorySearchViewModel.swift; sourceTree = "<group>"; };
		4CB7E28D9BE26DFDDF515848 /* TrixNewRoomView.swift */ = {isa = PBXFileReference; lastKnownFileType = sourcecode.swift; path = TrixNewRoomView.swift; sourceTree = "<group>"; };
		508D5313FCF6542829A02D00 /* TrixMatrixMac.app */ = {isa = PBXFileReference; explicitFileType = wrapper.application; includeInIndex = 0; path = TrixMatrixMac.app; sourceTree = BUILT_PRODUCTS_DIR; };
		521137CC0E9C946883248810 /* XMPPMartinService.swift */ = {isa = PBXFileReference; lastKnownFileType = sourcecode.swift; path = XMPPMartinService.swift; sourceTree = "<group>"; };
		5360313E1D5D743FBD43BF62 /* TrixTimelineCacheStore.swift */ = {isa = PBXFileReference; lastKnownFileType = sourcecode.swift; path = TrixTimelineCacheStore.swift; sourceTree = "<group>"; };
		5A160B4F983AE22D5C8286DA /* TrixRoomListView.swift */ = {isa = PBXFileReference; lastKnownFileType = sourcecode.swift; path = TrixRoomListView.swift; sourceTree = "<group>"; };
		61B76AE4B7FE38684FD69E3F /* XMPPLiveSmokeRunner.swift */ = {isa = PBXFileReference; lastKnownFileType = sourcecode.swift; path = XMPPLiveSmokeRunner.swift; sourceTree = "<group>"; };
		626D2464543C7ED82085CD5B /* TrixServiceProtocols.swift */ = {isa = PBXFileReference; lastKnownFileType = sourcecode.swift; path = TrixServiceProtocols.swift; sourceTree = "<group>"; };
		67180EC5D24D5F68AF4BF21D /* TrixClientConfiguration.swift */ = {isa = PBXFileReference; lastKnownFileType = sourcecode.swift; path = TrixClientConfiguration.swift; sourceTree = "<group>"; };
		847B59FABE7AF1544B501953 /* TrixiOSApp.swift */ = {isa = PBXFileReference; lastKnownFileType = sourcecode.swift; path = TrixiOSApp.swift; sourceTree = "<group>"; };
		8682262FABE4A23051A6161F /* TrixMatrixiOS.app */ = {isa = PBXFileReference; includeInIndex = 0; lastKnownFileType = wrapper.application; path = TrixMatrixiOS.app; sourceTree = BUILT_PRODUCTS_DIR; };
		88E0868B3BC38FDA64FD0EFF /* TrixMacApp.swift */ = {isa = PBXFileReference; lastKnownFileType = sourcecode.swift; path = TrixMacApp.swift; sourceTree = "<group>"; };
		8CB4DE535EF97BB0D0B809CB /* RoomListViewModel.swift */ = {isa = PBXFileReference; lastKnownFileType = sourcecode.swift; path = RoomListViewModel.swift; sourceTree = "<group>"; };
		8D29523C8CB988A1531D1D8E /* TrixMacRootView.swift */ = {isa = PBXFileReference; lastKnownFileType = sourcecode.swift; path = TrixMacRootView.swift; sourceTree = "<group>"; };
		982CA9963B78FB1D985AB7DD /* KeychainTrixSessionStore.swift */ = {isa = PBXFileReference; lastKnownFileType = sourcecode.swift; path = KeychainTrixSessionStore.swift; sourceTree = "<group>"; };
		A2B35075275B150F3A4E508B /* TrixRootView.swift */ = {isa = PBXFileReference; lastKnownFileType = sourcecode.swift; path = TrixRootView.swift; sourceTree = "<group>"; };
		A406E30E28EA61CB8EFF1247 /* TrixMacAppDelegate.swift */ = {isa = PBXFileReference; lastKnownFileType = sourcecode.swift; path = TrixMacAppDelegate.swift; sourceTree = "<group>"; };
		A6CDAECFDAFCD702E0D47C71 /* TrixGroupRoomCacheStore.swift */ = {isa = PBXFileReference; lastKnownFileType = sourcecode.swift; path = TrixGroupRoomCacheStore.swift; sourceTree = "<group>"; };
		A728389B09D31A93D5D10AF3 /* DeviceVerificationViewModel.swift */ = {isa = PBXFileReference; lastKnownFileType = sourcecode.swift; path = DeviceVerificationViewModel.swift; sourceTree = "<group>"; };
		A9CD022B1BE00F3C65E90173 /* TrixProfileSettingsView.swift */ = {isa = PBXFileReference; lastKnownFileType = sourcecode.swift; path = TrixProfileSettingsView.swift; sourceTree = "<group>"; };
		ABC8B3AFF8B256AD64163ED3 /* TrixTimelineView.swift */ = {isa = PBXFileReference; lastKnownFileType = sourcecode.swift; path = TrixTimelineView.swift; sourceTree = "<group>"; };
		B64629B678C5260EB80FFD28 /* TrixProfileViewModel.swift */ = {isa = PBXFileReference; lastKnownFileType = sourcecode.swift; path = TrixProfileViewModel.swift; sourceTree = "<group>"; };
		C3B9CAC73BB4D740C2F79B3D /* TrixOMEMOStore.swift */ = {isa = PBXFileReference; lastKnownFileType = sourcecode.swift; path = TrixOMEMOStore.swift; sourceTree = "<group>"; };
		E9F6EEF889A5560D0EDF1503 /* TrixModels.swift */ = {isa = PBXFileReference; lastKnownFileType = sourcecode.swift; path = TrixModels.swift; sourceTree = "<group>"; };
		EDAB7547FCC71382F1D4B836 /* TrixiOSAppDelegate.swift */ = {isa = PBXFileReference; lastKnownFileType = sourcecode.swift; path = TrixiOSAppDelegate.swift; sourceTree = "<group>"; };
		EE82DADDEFD49DFCE533A797 /* TrixUIPrimitives.swift */ = {isa = PBXFileReference; lastKnownFileType = sourcecode.swift; path = TrixUIPrimitives.swift; sourceTree = "<group>"; };
		EEB0655E233DAB56B8623281 /* TimelineViewModel.swift */ = {isa = PBXFileReference; lastKnownFileType = sourcecode.swift; path = TimelineViewModel.swift; sourceTree = "<group>"; };
		F121190716DA6556A98C18CE /* TrixAPNsCoordinator.swift */ = {isa = PBXFileReference; lastKnownFileType = sourcecode.swift; path = TrixAPNsCoordinator.swift; sourceTree = "<group>"; };
/* End PBXFileReference section */

/* Begin PBXFrameworksBuildPhase section */
		7CF0A5EB5F09CC3B3B06A028 /* Frameworks */ = {
			isa = PBXFrameworksBuildPhase;
			buildActionMask = 2147483647;
			files = (
				807543063C7A8EC6639E1D70 /* Martin in Frameworks */,
				5BCD889F6C600AFC151E706F /* MartinOMEMO in Frameworks */,
			);
			runOnlyForDeploymentPostprocessing = 0;
		};
		8B9E4F9D64BE1D73888F2EF3 /* Frameworks */ = {
			isa = PBXFrameworksBuildPhase;
			buildActionMask = 2147483647;
			files = (
				537309E828290708DF967EEB /* Martin in Frameworks */,
				018963E0097AF7D5ADFE41C1 /* MartinOMEMO in Frameworks */,
			);
			runOnlyForDeploymentPostprocessing = 0;
		};
/* End PBXFrameworksBuildPhase section */

/* Begin PBXGroup section */
		0CFC0196CD51203AE7CB57E2 /* macOS */ = {
			isa = PBXGroup;
			children = (
				88E0868B3BC38FDA64FD0EFF /* TrixMacApp.swift */,
				A406E30E28EA61CB8EFF1247 /* TrixMacAppDelegate.swift */,
				8D29523C8CB988A1531D1D8E /* TrixMacRootView.swift */,
			);
			name = macOS;
			path = Sources/macOS;
			sourceTree = "<group>";
		};
		25FE97757ABAA8D70924A157 /* Products */ = {
			isa = PBXGroup;
			children = (
				8682262FABE4A23051A6161F /* TrixMatrixiOS.app */,
				508D5313FCF6542829A02D00 /* TrixMatrixMac.app */,
			);
			name = Products;
			sourceTree = "<group>";
		};
		266DB1B97162D76D1791A6EC /* Models */ = {
			isa = PBXGroup;
			children = (
				E9F6EEF889A5560D0EDF1503 /* TrixModels.swift */,
			);
			path = Models;
			sourceTree = "<group>";
		};
		270641E14C6A7ABCC5C3969D = {
			isa = PBXGroup;
			children = (
				E1614ACD5BF88F040D145BF4 /* iOS */,
				0CFC0196CD51203AE7CB57E2 /* macOS */,
				7DE6BC0DF99035EE8E0C7787 /* Shared */,
				25FE97757ABAA8D70924A157 /* Products */,
			);
			sourceTree = "<group>";
		};
		3C3D6A2CC3483E3B08B2801D /* App */ = {
			isa = PBXGroup;
			children = (
				F121190716DA6556A98C18CE /* TrixAPNsCoordinator.swift */,
				056CC95719A07BAA289FCB0E /* TrixAppModel.swift */,
				67180EC5D24D5F68AF4BF21D /* TrixClientConfiguration.swift */,
				61B76AE4B7FE38684FD69E3F /* XMPPLiveSmokeRunner.swift */,
			);
			path = App;
			sourceTree = "<group>";
		};
		7DE6BC0DF99035EE8E0C7787 /* Shared */ = {
			isa = PBXGroup;
			children = (
				3C3D6A2CC3483E3B08B2801D /* App */,
				266DB1B97162D76D1791A6EC /* Models */,
				824EBE369DDA37C5B37DA6E2 /* Services */,
				81BBD7219AAC39F303DE9FFD /* ViewModels */,
				CF903727AFAF907857D6F0FA /* Views */,
			);
			name = Shared;
			path = Sources/Shared;
			sourceTree = "<group>";
		};
		81BBD7219AAC39F303DE9FFD /* ViewModels */ = {
			isa = PBXGroup;
			children = (
				A728389B09D31A93D5D10AF3 /* DeviceVerificationViewModel.swift */,
				8CB4DE535EF97BB0D0B809CB /* RoomListViewModel.swift */,
				EEB0655E233DAB56B8623281 /* TimelineViewModel.swift */,
				B64629B678C5260EB80FFD28 /* TrixProfileViewModel.swift */,
				43722B0DE18EF6D1CA3D68AE /* TrixUserDirectorySearchViewModel.swift */,
			);
			path = ViewModels;
			sourceTree = "<group>";
		};
		824EBE369DDA37C5B37DA6E2 /* Services */ = {
			isa = PBXGroup;
			children = (
				982CA9963B78FB1D985AB7DD /* KeychainTrixSessionStore.swift */,
				237D942B565A8A2F8001AAEF /* MockTrixService.swift */,
				A6CDAECFDAFCD702E0D47C71 /* TrixGroupRoomCacheStore.swift */,
				C3B9CAC73BB4D740C2F79B3D /* TrixOMEMOStore.swift */,
				2B266E20A0FA583A11BEEB89 /* TrixPasteboard.swift */,
				626D2464543C7ED82085CD5B /* TrixServiceProtocols.swift */,
				5360313E1D5D743FBD43BF62 /* TrixTimelineCacheStore.swift */,
				521137CC0E9C946883248810 /* XMPPMartinService.swift */,
			);
			path = Services;
			sourceTree = "<group>";
		};
		CF903727AFAF907857D6F0FA /* Views */ = {
			isa = PBXGroup;
			children = (
				218F41815711F48C162BEE1D /* TrixGroupMembersView.swift */,
				4219A1C95F0801F8E69645E1 /* TrixLimitationsView.swift */,
				1ACD907EF405BB7A2E6AB546 /* TrixLoginView.swift */,
				4CB7E28D9BE26DFDDF515848 /* TrixNewRoomView.swift */,
				A9CD022B1BE00F3C65E90173 /* TrixProfileSettingsView.swift */,
				5A160B4F983AE22D5C8286DA /* TrixRoomListView.swift */,
				A2B35075275B150F3A4E508B /* TrixRootView.swift */,
				ABC8B3AFF8B256AD64163ED3 /* TrixTimelineView.swift */,
				EE82DADDEFD49DFCE533A797 /* TrixUIPrimitives.swift */,
				0DB3F0532BD6141816D4BA22 /* TrixUserDirectoryPickerView.swift */,
			);
			path = Views;
			sourceTree = "<group>";
		};
		E1614ACD5BF88F040D145BF4 /* iOS */ = {
			isa = PBXGroup;
			children = (
				847B59FABE7AF1544B501953 /* TrixiOSApp.swift */,
				EDAB7547FCC71382F1D4B836 /* TrixiOSAppDelegate.swift */,
			);
			name = iOS;
			path = Sources/iOS;
			sourceTree = "<group>";
		};
/* End PBXGroup section */

/* Begin PBXNativeTarget section */
		ACF6312FAACCD1BC6923563C /* TrixMatrixiOS */ = {
			isa = PBXNativeTarget;
			buildConfigurationList = 26F4A14AB66F259065D8BA44 /* Build configuration list for PBXNativeTarget "TrixMatrixiOS" */;
			buildPhases = (
				61CA8187F7B281FBD49A924E /* Sources */,
				7CF0A5EB5F09CC3B3B06A028 /* Frameworks */,
			);
			buildRules = (
			);
			dependencies = (
			);
			name = TrixMatrixiOS;
			packageProductDependencies = (
				AF0FA74A744B2E98E20D8738 /* Martin */,
				7BF98DD511834ED334A9B210 /* MartinOMEMO */,
			);
			productName = TrixMatrixiOS;
			productReference = 8682262FABE4A23051A6161F /* TrixMatrixiOS.app */;
			productType = "com.apple.product-type.application";
		};
		F80150C1565CC5EBAFD2BBA8 /* TrixMatrixMac */ = {
			isa = PBXNativeTarget;
			buildConfigurationList = 08A261F21E09604E0CBA19CE /* Build configuration list for PBXNativeTarget "TrixMatrixMac" */;
			buildPhases = (
				3F615A0B80C76355D35FE151 /* Sources */,
				8B9E4F9D64BE1D73888F2EF3 /* Frameworks */,
			);
			buildRules = (
			);
			dependencies = (
			);
			name = TrixMatrixMac;
			packageProductDependencies = (
				A2688357F9AFCAC4CD829C06 /* Martin */,
				E747E1A70FF2F8B54BE3EA20 /* MartinOMEMO */,
			);
			productName = TrixMatrixMac;
			productReference = 508D5313FCF6542829A02D00 /* TrixMatrixMac.app */;
			productType = "com.apple.product-type.application";
		};
/* End PBXNativeTarget section */

/* Begin PBXProject section */
		C42489216D0F0EFFD398C791 /* Project object */ = {
			isa = PBXProject;
			attributes = {
				BuildIndependentTargetsInParallel = YES;
				LastUpgradeCheck = 1430;
				TargetAttributes = {
					ACF6312FAACCD1BC6923563C = {
						DevelopmentTeam = HGY33KYKQ2;
						ProvisioningStyle = Automatic;
					};
					F80150C1565CC5EBAFD2BBA8 = {
						DevelopmentTeam = HGY33KYKQ2;
						ProvisioningStyle = Automatic;
					};
				};
			};
			buildConfigurationList = 6FE070F481D0D9825B63C260 /* Build configuration list for PBXProject "TrixMatrix" */;
			developmentRegion = en;
			hasScannedForEncodings = 0;
			knownRegions = (
				Base,
				en,
			);
			mainGroup = 270641E14C6A7ABCC5C3969D;
			minimizedProjectReferenceProxies = 1;
			packageReferences = (
				1089CF65FF55602059AC9BE6 /* XCRemoteSwiftPackageReference "Martin" */,
				1CAAABECCC18B71A7A213F54 /* XCRemoteSwiftPackageReference "MartinOMEMO" */,
			);
			preferredProjectObjectVersion = 77;
			productRefGroup = 25FE97757ABAA8D70924A157 /* Products */;
			projectDirPath = "";
			projectRoot = "";
			targets = (
				F80150C1565CC5EBAFD2BBA8 /* TrixMatrixMac */,
				ACF6312FAACCD1BC6923563C /* TrixMatrixiOS */,
			);
		};
/* End PBXProject section */

/* Begin PBXSourcesBuildPhase section */
		3F615A0B80C76355D35FE151 /* Sources */ = {
			isa = PBXSourcesBuildPhase;
			buildActionMask = 2147483647;
			files = (
				4045AFBF57F71D0CBDA102AE /* DeviceVerificationViewModel.swift in Sources */,
				9A4D2A750B168D3918B0D5CE /* KeychainTrixSessionStore.swift in Sources */,
				A255F6AA8373944E3861E59F /* MockTrixService.swift in Sources */,
				8C6169B957900216C4377471 /* RoomListViewModel.swift in Sources */,
				01DD84A806E5A3D66513361E /* TimelineViewModel.swift in Sources */,
				C71F99EBA41DD58DB4261084 /* TrixAPNsCoordinator.swift in Sources */,
				1AACA3ED2E1565E804CDEF34 /* TrixAppModel.swift in Sources */,
				CDF9E3EA955B8A666B9A1C57 /* TrixClientConfiguration.swift in Sources */,
				B87D22C877BCEABC1A6BCE4B /* TrixGroupMembersView.swift in Sources */,
				86F51D72617511B1F9899F66 /* TrixGroupRoomCacheStore.swift in Sources */,
				B5C417A232F5ACC6D379926C /* TrixLimitationsView.swift in Sources */,
				0D25056FBC20F3C2B348AB50 /* TrixLoginView.swift in Sources */,
				480977EBF4C8E5F36F8E6B5A /* TrixMacApp.swift in Sources */,
				7ED782FC48806771BC21375B /* TrixMacAppDelegate.swift in Sources */,
				9BFD15A4B9F06A6A420114FC /* TrixMacRootView.swift in Sources */,
				DA5E6075232F4DB3FEF04ABD /* TrixModels.swift in Sources */,
				2C3610063B8F38A9B73F8D6D /* TrixNewRoomView.swift in Sources */,
				D3EFAE1C80717ADAF66B9804 /* TrixOMEMOStore.swift in Sources */,
				0F23C155C71D7754956BE775 /* TrixPasteboard.swift in Sources */,
				077FB19BBBC2DE5F19B935E5 /* TrixProfileSettingsView.swift in Sources */,
				FF9932E70FC1B6D7BCE2CA2C /* TrixProfileViewModel.swift in Sources */,
				B12D38D695C0CC7E8A1D0889 /* TrixRoomListView.swift in Sources */,
				2E8181505E263CC7A7991096 /* TrixRootView.swift in Sources */,
				D15076EE9DE8A1252892154A /* TrixServiceProtocols.swift in Sources */,
				34553562AB89EF56C3ECFD76 /* TrixTimelineCacheStore.swift in Sources */,
				E5EEB8D112F3D0B725FF308E /* TrixTimelineView.swift in Sources */,
				0DEB71252D8479D650CCAE84 /* TrixUIPrimitives.swift in Sources */,
				921F0FC41786273D87813408 /* TrixUserDirectoryPickerView.swift in Sources */,
				B810FC6FE7BB3C2EB1FC3499 /* TrixUserDirectorySearchViewModel.swift in Sources */,
				A9CCBF62507C1B789E7B4D12 /* XMPPLiveSmokeRunner.swift in Sources */,
				907B1EA79B4C0EF1F64763FD /* XMPPMartinService.swift in Sources */,
			);
			runOnlyForDeploymentPostprocessing = 0;
		};
		61CA8187F7B281FBD49A924E /* Sources */ = {
			isa = PBXSourcesBuildPhase;
			buildActionMask = 2147483647;
			files = (
				CE7C59BA16D194F84A8F1B9E /* DeviceVerificationViewModel.swift in Sources */,
				4C45D6C2B54517DB3154AEE9 /* KeychainTrixSessionStore.swift in Sources */,
				9D22B50ED6B047D13287B71A /* MockTrixService.swift in Sources */,
				67CC33870704986A5164F9A2 /* RoomListViewModel.swift in Sources */,
				40E18B91AD4DE99B3B3182DC /* TimelineViewModel.swift in Sources */,
				37C8559C91F53BEE0A4AF1C7 /* TrixAPNsCoordinator.swift in Sources */,
				C759B5D61F1E46AE3EF13612 /* TrixAppModel.swift in Sources */,
				C5CF66A5F802952DBBF72685 /* TrixClientConfiguration.swift in Sources */,
				7D85CCEF802178C7561426E1 /* TrixGroupMembersView.swift in Sources */,
				F58ACD874ECEDCFDFD4CBE82 /* TrixGroupRoomCacheStore.swift in Sources */,
				807A17F604336D66B054C512 /* TrixLimitationsView.swift in Sources */,
				FA3F50BDA5FE5D2C7FD89DFF /* TrixLoginView.swift in Sources */,
				7237DC2D59EBADBA1D775E58 /* TrixModels.swift in Sources */,
				CC3ED96142CA73D1EBE3A737 /* TrixNewRoomView.swift in Sources */,
				9CF86CCF23BF9B4B7989489F /* TrixOMEMOStore.swift in Sources */,
				1AF7B6243DD09B709393BA4E /* TrixPasteboard.swift in Sources */,
				C58E76863856379CEB1D3222 /* TrixProfileSettingsView.swift in Sources */,
				795F0AD58A17E90E4D5109B2 /* TrixProfileViewModel.swift in Sources */,
				243EF5BA671A98313E711BA0 /* TrixRoomListView.swift in Sources */,
				7A4CED4537F4D2C5231A02E7 /* TrixRootView.swift in Sources */,
				964BC80E4B99470A6D6A6060 /* TrixServiceProtocols.swift in Sources */,
				59E30FC7B539EF6E0F1DD295 /* TrixTimelineCacheStore.swift in Sources */,
				2BE3AB5258AC97A330B5C78B /* TrixTimelineView.swift in Sources */,
				D2BB6E218817598EEEFAD659 /* TrixUIPrimitives.swift in Sources */,
				86DE06F00D3EEF89A9087A6C /* TrixUserDirectoryPickerView.swift in Sources */,
				2E096CB7AF402E547D5F3F6E /* TrixUserDirectorySearchViewModel.swift in Sources */,
				3BF75C861C2BC8B284501873 /* TrixiOSApp.swift in Sources */,
				35C37A10D87E07180BA6F545 /* TrixiOSAppDelegate.swift in Sources */,
				23B642ECEC77A35A182C1774 /* XMPPLiveSmokeRunner.swift in Sources */,
				F3F274998D0C678FF257685F /* XMPPMartinService.swift in Sources */,
			);
			runOnlyForDeploymentPostprocessing = 0;
		};
/* End PBXSourcesBuildPhase section */

/* Begin XCBuildConfiguration section */
		26AAA4643A954762B28ACB83 /* Debug */ = {
			isa = XCBuildConfiguration;
			buildSettings = {
				ALWAYS_SEARCH_USER_PATHS = NO;
				CLANG_ANALYZER_NONNULL = YES;
				CLANG_ANALYZER_NUMBER_OBJECT_CONVERSION = YES_AGGRESSIVE;
				CLANG_CXX_LANGUAGE_STANDARD = "gnu++14";
				CLANG_CXX_LIBRARY = "libc++";
				CLANG_ENABLE_MODULES = YES;
				CLANG_ENABLE_OBJC_ARC = YES;
				CLANG_ENABLE_OBJC_WEAK = YES;
				CLANG_WARN_BLOCK_CAPTURE_AUTORELEASING = YES;
				CLANG_WARN_BOOL_CONVERSION = YES;
				CLANG_WARN_COMMA = YES;
				CLANG_WARN_CONSTANT_CONVERSION = YES;
				CLANG_WARN_DEPRECATED_OBJC_IMPLEMENTATIONS = YES;
				CLANG_WARN_DIRECT_OBJC_ISA_USAGE = YES_ERROR;
				CLANG_WARN_DOCUMENTATION_COMMENTS = YES;
				CLANG_WARN_EMPTY_BODY = YES;
				CLANG_WARN_ENUM_CONVERSION = YES;
				CLANG_WARN_INFINITE_RECURSION = YES;
				CLANG_WARN_INT_CONVERSION = YES;
				CLANG_WARN_NON_LITERAL_NULL_CONVERSION = YES;
				CLANG_WARN_OBJC_IMPLICIT_RETAIN_SELF = YES;
				CLANG_WARN_OBJC_LITERAL_CONVERSION = YES;
				CLANG_WARN_OBJC_ROOT_CLASS = YES_ERROR;
				CLANG_WARN_QUOTED_INCLUDE_IN_FRAMEWORK_HEADER = YES;
				CLANG_WARN_RANGE_LOOP_ANALYSIS = YES;
				CLANG_WARN_STRICT_PROTOTYPES = YES;
				CLANG_WARN_SUSPICIOUS_MOVE = YES;
				CLANG_WARN_UNGUARDED_AVAILABILITY = YES_AGGRESSIVE;
				CLANG_WARN_UNREACHABLE_CODE = YES;
				CLANG_WARN__DUPLICATE_METHOD_MATCH = YES;
				COPY_PHASE_STRIP = NO;
				CURRENT_PROJECT_VERSION = 1;
				DEBUG_INFORMATION_FORMAT = dwarf;
				ENABLE_STRICT_OBJC_MSGSEND = YES;
				ENABLE_TESTABILITY = YES;
				GCC_C_LANGUAGE_STANDARD = gnu11;
				GCC_DYNAMIC_NO_PIC = NO;
				GCC_NO_COMMON_BLOCKS = YES;
				GCC_OPTIMIZATION_LEVEL = 0;
				GCC_PREPROCESSOR_DEFINITIONS = (
					"$(inherited)",
					"DEBUG=1",
				);
				GCC_WARN_64_TO_32_BIT_CONVERSION = YES;
				GCC_WARN_ABOUT_RETURN_TYPE = YES_ERROR;
				GCC_WARN_UNDECLARED_SELECTOR = YES;
				GCC_WARN_UNINITIALIZED_AUTOS = YES_AGGRESSIVE;
				GCC_WARN_UNUSED_FUNCTION = YES;
				GCC_WARN_UNUSED_VARIABLE = YES;
				IPHONEOS_DEPLOYMENT_TARGET = 17.0;
				MACOSX_DEPLOYMENT_TARGET = 14.0;
				MARKETING_VERSION = 0.1.0;
				MTL_ENABLE_DEBUG_INFO = INCLUDE_SOURCE;
				MTL_FAST_MATH = YES;
				ONLY_ACTIVE_ARCH = YES;
				PRODUCT_NAME = "$(TARGET_NAME)";
				SWIFT_ACTIVE_COMPILATION_CONDITIONS = DEBUG;
				SWIFT_OPTIMIZATION_LEVEL = "-Onone";
				SWIFT_VERSION = 6.0;
			};
			name = Debug;
		};
		45F099C27C9AAC1BA3098098 /* Release */ = {
			isa = XCBuildConfiguration;
			buildSettings = {
				ALWAYS_SEARCH_USER_PATHS = NO;
				CLANG_ANALYZER_NONNULL = YES;
				CLANG_ANALYZER_NUMBER_OBJECT_CONVERSION = YES_AGGRESSIVE;
				CLANG_CXX_LANGUAGE_STANDARD = "gnu++14";
				CLANG_CXX_LIBRARY = "libc++";
				CLANG_ENABLE_MODULES = YES;
				CLANG_ENABLE_OBJC_ARC = YES;
				CLANG_ENABLE_OBJC_WEAK = YES;
				CLANG_WARN_BLOCK_CAPTURE_AUTORELEASING = YES;
				CLANG_WARN_BOOL_CONVERSION = YES;
				CLANG_WARN_COMMA = YES;
				CLANG_WARN_CONSTANT_CONVERSION = YES;
				CLANG_WARN_DEPRECATED_OBJC_IMPLEMENTATIONS = YES;
				CLANG_WARN_DIRECT_OBJC_ISA_USAGE = YES_ERROR;
				CLANG_WARN_DOCUMENTATION_COMMENTS = YES;
				CLANG_WARN_EMPTY_BODY = YES;
				CLANG_WARN_ENUM_CONVERSION = YES;
				CLANG_WARN_INFINITE_RECURSION = YES;
				CLANG_WARN_INT_CONVERSION = YES;
				CLANG_WARN_NON_LITERAL_NULL_CONVERSION = YES;
				CLANG_WARN_OBJC_IMPLICIT_RETAIN_SELF = YES;
				CLANG_WARN_OBJC_LITERAL_CONVERSION = YES;
				CLANG_WARN_OBJC_ROOT_CLASS = YES_ERROR;
				CLANG_WARN_QUOTED_INCLUDE_IN_FRAMEWORK_HEADER = YES;
				CLANG_WARN_RANGE_LOOP_ANALYSIS = YES;
				CLANG_WARN_STRICT_PROTOTYPES = YES;
				CLANG_WARN_SUSPICIOUS_MOVE = YES;
				CLANG_WARN_UNGUARDED_AVAILABILITY = YES_AGGRESSIVE;
				CLANG_WARN_UNREACHABLE_CODE = YES;
				CLANG_WARN__DUPLICATE_METHOD_MATCH = YES;
				COPY_PHASE_STRIP = NO;
				CURRENT_PROJECT_VERSION = 1;
				DEBUG_INFORMATION_FORMAT = "dwarf-with-dsym";
				ENABLE_NS_ASSERTIONS = NO;
				ENABLE_STRICT_OBJC_MSGSEND = YES;
				GCC_C_LANGUAGE_STANDARD = gnu11;
				GCC_NO_COMMON_BLOCKS = YES;
				GCC_WARN_64_TO_32_BIT_CONVERSION = YES;
				GCC_WARN_ABOUT_RETURN_TYPE = YES_ERROR;
				GCC_WARN_UNDECLARED_SELECTOR = YES;
				GCC_WARN_UNINITIALIZED_AUTOS = YES_AGGRESSIVE;
				GCC_WARN_UNUSED_FUNCTION = YES;
				GCC_WARN_UNUSED_VARIABLE = YES;
				IPHONEOS_DEPLOYMENT_TARGET = 17.0;
				MACOSX_DEPLOYMENT_TARGET = 14.0;
				MARKETING_VERSION = 0.1.0;
				MTL_ENABLE_DEBUG_INFO = NO;
				MTL_FAST_MATH = YES;
				PRODUCT_NAME = "$(TARGET_NAME)";
				SWIFT_COMPILATION_MODE = wholemodule;
				SWIFT_OPTIMIZATION_LEVEL = "-O";
				SWIFT_VERSION = 6.0;
			};
			name = Release;
		};
		908BFA39998A9BA419BABA62 /* Release */ = {
			isa = XCBuildConfiguration;
			buildSettings = {
				ASSETCATALOG_COMPILER_APPICON_NAME = AppIcon;
				CODE_SIGN_ENTITLEMENTS = TrixiOS.entitlements;
				CODE_SIGN_IDENTITY = "iPhone Developer";
				CODE_SIGN_STYLE = Automatic;
				DEVELOPMENT_TEAM = HGY33KYKQ2;
				GENERATE_INFOPLIST_FILE = YES;
				INFOPLIST_KEY_ITSAppUsesNonExemptEncryption = NO;
				INFOPLIST_KEY_UIBackgroundModes = "remote-notification";
				INFOPLIST_KEY_UILaunchScreen_Generation = YES;
				IPHONEOS_DEPLOYMENT_TARGET = 17.0;
				LD_RUNPATH_SEARCH_PATHS = (
					"$(inherited)",
					"@executable_path/Frameworks",
				);
				PRODUCT_BUNDLE_IDENTIFIER = com.softgrid.trixapp;
				PRODUCT_NAME = Trix;
				SDKROOT = iphoneos;
				TARGETED_DEVICE_FAMILY = "1,2";
				TRIX_APNS_ENTITLEMENT_ENVIRONMENT = production;
			};
			name = Release;
		};
		B9901A57C0A57E00030AEF71 /* Debug */ = {
			isa = XCBuildConfiguration;
			buildSettings = {
				ASSETCATALOG_COMPILER_APPICON_NAME = AppIcon;
				CODE_SIGN_ENTITLEMENTS = TrixiOS.entitlements;
				CODE_SIGN_IDENTITY = "iPhone Developer";
				CODE_SIGN_STYLE = Automatic;
				DEVELOPMENT_TEAM = HGY33KYKQ2;
				GENERATE_INFOPLIST_FILE = YES;
				INFOPLIST_KEY_ITSAppUsesNonExemptEncryption = NO;
				INFOPLIST_KEY_UIBackgroundModes = "remote-notification";
				INFOPLIST_KEY_UILaunchScreen_Generation = YES;
				IPHONEOS_DEPLOYMENT_TARGET = 17.0;
				LD_RUNPATH_SEARCH_PATHS = (
					"$(inherited)",
					"@executable_path/Frameworks",
				);
				PRODUCT_BUNDLE_IDENTIFIER = com.softgrid.trixapp;
				PRODUCT_NAME = Trix;
				SDKROOT = iphoneos;
				TARGETED_DEVICE_FAMILY = "1,2";
				TRIX_APNS_ENTITLEMENT_ENVIRONMENT = development;
			};
			name = Debug;
		};
		C3FED80EDAB145A54AC7B489 /* Release */ = {
			isa = XCBuildConfiguration;
			buildSettings = {
				ASSETCATALOG_COMPILER_APPICON_NAME = AppIcon;
				CODE_SIGN_ENTITLEMENTS = TrixMac.entitlements;
				CODE_SIGN_STYLE = Automatic;
				COMBINE_HIDPI_IMAGES = YES;
				DEVELOPMENT_TEAM = HGY33KYKQ2;
				GENERATE_INFOPLIST_FILE = YES;
				INFOPLIST_KEY_ITSAppUsesNonExemptEncryption = NO;
				INFOPLIST_KEY_LSApplicationCategoryType = "public.app-category.social-networking";
				LD_RUNPATH_SEARCH_PATHS = (
					"$(inherited)",
					"@executable_path/../Frameworks",
				);
				MACOSX_DEPLOYMENT_TARGET = 14.0;
				PRODUCT_BUNDLE_IDENTIFIER = com.softgrid.trixapp;
				PRODUCT_NAME = Trix;
				SDKROOT = macosx;
				TRIX_APNS_ENTITLEMENT_ENVIRONMENT = production;
			};
			name = Release;
		};
		CD76E3B5A89975791929099F /* Debug */ = {
			isa = XCBuildConfiguration;
			buildSettings = {
				ASSETCATALOG_COMPILER_APPICON_NAME = AppIcon;
				CODE_SIGN_ENTITLEMENTS = TrixMac.entitlements;
				CODE_SIGN_STYLE = Automatic;
				COMBINE_HIDPI_IMAGES = YES;
				DEVELOPMENT_TEAM = HGY33KYKQ2;
				GENERATE_INFOPLIST_FILE = YES;
				INFOPLIST_KEY_ITSAppUsesNonExemptEncryption = NO;
				INFOPLIST_KEY_LSApplicationCategoryType = "public.app-category.social-networking";
				LD_RUNPATH_SEARCH_PATHS = (
					"$(inherited)",
					"@executable_path/../Frameworks",
				);
				MACOSX_DEPLOYMENT_TARGET = 14.0;
				PRODUCT_BUNDLE_IDENTIFIER = com.softgrid.trixapp;
				PRODUCT_NAME = Trix;
				SDKROOT = macosx;
				TRIX_APNS_ENTITLEMENT_ENVIRONMENT = development;
			};
			name = Debug;
		};
/* End XCBuildConfiguration section */

/* Begin XCConfigurationList section */
		08A261F21E09604E0CBA19CE /* Build configuration list for PBXNativeTarget "TrixMatrixMac" */ = {
			isa = XCConfigurationList;
			buildConfigurations = (
				CD76E3B5A89975791929099F /* Debug */,
				C3FED80EDAB145A54AC7B489 /* Release */,
			);
			defaultConfigurationIsVisible = 0;
			defaultConfigurationName = Debug;
		};
		26F4A14AB66F259065D8BA44 /* Build configuration list for PBXNativeTarget "TrixMatrixiOS" */ = {
			isa = XCConfigurationList;
			buildConfigurations = (
				B9901A57C0A57E00030AEF71 /* Debug */,
				908BFA39998A9BA419BABA62 /* Release */,
			);
			defaultConfigurationIsVisible = 0;
			defaultConfigurationName = Debug;
		};
		6FE070F481D0D9825B63C260 /* Build configuration list for PBXProject "TrixMatrix" */ = {
			isa = XCConfigurationList;
			buildConfigurations = (
				26AAA4643A954762B28ACB83 /* Debug */,
				45F099C27C9AAC1BA3098098 /* Release */,
			);
			defaultConfigurationIsVisible = 0;
			defaultConfigurationName = Debug;
		};
/* End XCConfigurationList section */

/* Begin XCRemoteSwiftPackageReference section */
		1089CF65FF55602059AC9BE6 /* XCRemoteSwiftPackageReference "Martin" */ = {
			isa = XCRemoteSwiftPackageReference;
			repositoryURL = "https://github.com/tigase/Martin";
			requirement = {
				kind = exactVersion;
				version = 3.2.4;
			};
		};
		1CAAABECCC18B71A7A213F54 /* XCRemoteSwiftPackageReference "MartinOMEMO" */ = {
			isa = XCRemoteSwiftPackageReference;
			repositoryURL = "https://github.com/tigase/MartinOMEMO";
			requirement = {
				kind = exactVersion;
				version = 2.2.3;
			};
		};
/* End XCRemoteSwiftPackageReference section */

/* Begin XCSwiftPackageProductDependency section */
		7BF98DD511834ED334A9B210 /* MartinOMEMO */ = {
			isa = XCSwiftPackageProductDependency;
			package = 1CAAABECCC18B71A7A213F54 /* XCRemoteSwiftPackageReference "MartinOMEMO" */;
			productName = MartinOMEMO;
		};
		A2688357F9AFCAC4CD829C06 /* Martin */ = {
			isa = XCSwiftPackageProductDependency;
			package = 1089CF65FF55602059AC9BE6 /* XCRemoteSwiftPackageReference "Martin" */;
			productName = Martin;
		};
		AF0FA74A744B2E98E20D8738 /* Martin */ = {
			isa = XCSwiftPackageProductDependency;
			package = 1089CF65FF55602059AC9BE6 /* XCRemoteSwiftPackageReference "Martin" */;
			productName = Martin;
		};
		E747E1A70FF2F8B54BE3EA20 /* MartinOMEMO */ = {
			isa = XCSwiftPackageProductDependency;
			package = 1CAAABECCC18B71A7A213F54 /* XCRemoteSwiftPackageReference "MartinOMEMO" */;
			productName = MartinOMEMO;
		};
/* End XCSwiftPackageProductDependency section */
	};
	rootObject = C42489216D0F0EFFD398C791 /* Project object */;
}
